{
  "version": 4,
  "terraform_version": "1.0.7",
  "serial": 58,
  "lineage": "15e756f2-6f74-3c54-4c2b-f52e3f35d9c3",
  "outputs": {
    "cluster_endpoint": {
      "value": "https://CA608E8CA15A2163D3ED6DD3BF9928F9.gr7.us-west-2.eks.amazonaws.com",
      "type": "string"
    },
    "kubectl_config": {
      "value": "apiVersion: v1\r\npreferences: {}\r\nkind: Config\r\n\r\nclusters:\r\n- cluster:\r\n    server: https://CA608E8CA15A2163D3ED6DD3BF9928F9.gr7.us-west-2.eks.amazonaws.com\r\n    certificate-authority-data: LS0tLS1CRUdJTiBDRVJUSUZJQ0FURS0tLS0tCk1JSUM1ekNDQWMrZ0F3SUJBZ0lCQURBTkJna3Foa2lHOXcwQkFRc0ZBREFWTVJNd0VRWURWUVFERXdwcmRXSmwKY201bGRHVnpNQjRYRFRJeE1Ea3hPREl5TVRFME9Wb1hEVE14TURreE5qSXlNVEUwT1Zvd0ZURVRNQkVHQTFVRQpBeE1LYTNWaVpYSnVaWFJsY3pDQ0FTSXdEUVlKS29aSWh2Y05BUUVCQlFBRGdnRVBBRENDQVFvQ2dnRUJBTk1RCmtRLy9wQjRxak5jaFh4cjV1ODliZnlUcU5sRC83L0xtTE1FeFE4YmczQllET3dvSE1Id21QbXJlRnR4U2RsUlcKc3hWSVF4bS9wNG04a0p2UjBBaGQ3MU1rVjZYemRyandpZitvR2s3N0hSTm1xTVRUK3RWc3ZDWWdKeEo4N0d5bwp3YW5hVlBXVTk4UnZIQk9vbkxjNGdPOHVIOTJQZWtsaFF4ZThVTmJsTVBzUTRuMTQzY25zTzZjUkZtVW9sTWtEClF2STcrbWxtTVcycHcwdDBManA1UHZlKzRhd1RienErWkM0Y1ZrY0k1YWZLZ2RtRjN1cWhRbGQrSkR4ajJkMWwKLzA4WTZpZGtINEw3a0tieVBDK1pSaFV5NVBKSGE3RHoxN20zd2F4YytWeGpQT2dzNDJ3aXI2VVYyVkVub3E5TApnK3RqRVM0SEhQakd1b0F5UkdFQ0F3RUFBYU5DTUVBd0RnWURWUjBQQVFIL0JBUURBZ0trTUE4R0ExVWRFd0VCCi93UUZNQU1CQWY4d0hRWURWUjBPQkJZRUZJSDJiTnB2d2xhUXRjQ3NlTmpncFZTNEhXYTRNQTBHQ1NxR1NJYjMKRFFFQkN3VUFBNElCQVFBWVNkWTRGVnBlVlN0enpCOC9jUmJseVovN21tWEttQUxXQUlJd2VibUhQekN1b2dOTQpNRkxUUzJodUExRElET3Fsd3J5U2xGRDh0MEFyOUJxRmVwaFhzV2VIQ0FmMHhvWWhiQmZtWkwwaUVxSzNUL0U1CjFVZ1BnZE9KeUE1OHdXZGN1WWxaS0QyWmRhSFlXQUJZV2xNR05kVTBFYWZOWjQyRWtTVWhyem9nOFdjdUVIZkYKSTRtbDNDZFFTTWJQOFo5dGMwamVRbjNqRk9ycHFuMHJvOEVVb0NLNjE0bjVrMlVpVU4vd3hNdW9EZnJRZCtlWgprZXZScHQ1T2pvUFEvbnAwTWpPWDg2ZXVvRm1jaW44L1dpckdJTHNrb2ZhclJNaHl6OU4yUnJVSjAzRktFdWUzCk9kRmNCNnZHTWdnU2RhWStxRXZEUjlkakkxT1g2R2ZPOWtXUQotLS0tLUVORCBDRVJUSUZJQ0FURS0tLS0tCg==\r\n  name: eks_my_eks_cluster\r\n\r\ncontexts:\r\n- context:\r\n    cluster: eks_my_eks_cluster\r\n    user: eks_my_eks_cluster\r\n  name: eks_my_eks_cluster\r\n\r\ncurrent-context: eks_my_eks_cluster\r\n\r\nusers:\r\n- name: eks_my_eks_cluster\r\n  user:\r\n    exec:\r\n      apiVersion: client.authentication.k8s.io/v1alpha1\r\n      command: aws-iam-authenticator\r\n      args:\r\n        - \"token\"\r\n        - \"-i\"\r\n        - \"my_eks_cluster\"\r\n",
      "type": "string"
    },
    "region": {
      "value": "us-west-2",
      "type": "string"
    }
  },
  "resources": [
    {
      "mode": "data",
      "type": "aws_availability_zones",
      "name": "available",
      "provider": "provider[\"registry.terraform.io/hashicorp/aws\"]",
      "instances": [
        {
          "schema_version": 0,
          "attributes": {
            "all_availability_zones": null,
            "exclude_names": null,
            "exclude_zone_ids": null,
            "filter": null,
            "group_names": [
              "us-west-2"
            ],
            "id": "us-west-2",
            "names": [
              "us-west-2a",
              "us-west-2b",
              "us-west-2c",
              "us-west-2d"
            ],
            "state": null,
            "zone_ids": [
              "usw2-az1",
              "usw2-az2",
              "usw2-az3",
              "usw2-az4"
            ]
          },
          "sensitive_attributes": []
        }
      ]
    },
    {
      "mode": "data",
      "type": "aws_eks_cluster",
      "name": "cluster",
      "provider": "provider[\"registry.terraform.io/hashicorp/aws\"]",
      "instances": [
        {
          "schema_version": 0,
          "attributes": {
            "arn": "arn:aws:eks:us-west-2:935576846002:cluster/my_eks_cluster",
            "certificate_authority": [
              {
                "data": "LS0tLS1CRUdJTiBDRVJUSUZJQ0FURS0tLS0tCk1JSUM1ekNDQWMrZ0F3SUJBZ0lCQURBTkJna3Foa2lHOXcwQkFRc0ZBREFWTVJNd0VRWURWUVFERXdwcmRXSmwKY201bGRHVnpNQjRYRFRJeE1Ea3hPREl5TVRFME9Wb1hEVE14TURreE5qSXlNVEUwT1Zvd0ZURVRNQkVHQTFVRQpBeE1LYTNWaVpYSnVaWFJsY3pDQ0FTSXdEUVlKS29aSWh2Y05BUUVCQlFBRGdnRVBBRENDQVFvQ2dnRUJBTk1RCmtRLy9wQjRxak5jaFh4cjV1ODliZnlUcU5sRC83L0xtTE1FeFE4YmczQllET3dvSE1Id21QbXJlRnR4U2RsUlcKc3hWSVF4bS9wNG04a0p2UjBBaGQ3MU1rVjZYemRyandpZitvR2s3N0hSTm1xTVRUK3RWc3ZDWWdKeEo4N0d5bwp3YW5hVlBXVTk4UnZIQk9vbkxjNGdPOHVIOTJQZWtsaFF4ZThVTmJsTVBzUTRuMTQzY25zTzZjUkZtVW9sTWtEClF2STcrbWxtTVcycHcwdDBManA1UHZlKzRhd1RienErWkM0Y1ZrY0k1YWZLZ2RtRjN1cWhRbGQrSkR4ajJkMWwKLzA4WTZpZGtINEw3a0tieVBDK1pSaFV5NVBKSGE3RHoxN20zd2F4YytWeGpQT2dzNDJ3aXI2VVYyVkVub3E5TApnK3RqRVM0SEhQakd1b0F5UkdFQ0F3RUFBYU5DTUVBd0RnWURWUjBQQVFIL0JBUURBZ0trTUE4R0ExVWRFd0VCCi93UUZNQU1CQWY4d0hRWURWUjBPQkJZRUZJSDJiTnB2d2xhUXRjQ3NlTmpncFZTNEhXYTRNQTBHQ1NxR1NJYjMKRFFFQkN3VUFBNElCQVFBWVNkWTRGVnBlVlN0enpCOC9jUmJseVovN21tWEttQUxXQUlJd2VibUhQekN1b2dOTQpNRkxUUzJodUExRElET3Fsd3J5U2xGRDh0MEFyOUJxRmVwaFhzV2VIQ0FmMHhvWWhiQmZtWkwwaUVxSzNUL0U1CjFVZ1BnZE9KeUE1OHdXZGN1WWxaS0QyWmRhSFlXQUJZV2xNR05kVTBFYWZOWjQyRWtTVWhyem9nOFdjdUVIZkYKSTRtbDNDZFFTTWJQOFo5dGMwamVRbjNqRk9ycHFuMHJvOEVVb0NLNjE0bjVrMlVpVU4vd3hNdW9EZnJRZCtlWgprZXZScHQ1T2pvUFEvbnAwTWpPWDg2ZXVvRm1jaW44L1dpckdJTHNrb2ZhclJNaHl6OU4yUnJVSjAzRktFdWUzCk9kRmNCNnZHTWdnU2RhWStxRXZEUjlkakkxT1g2R2ZPOWtXUQotLS0tLUVORCBDRVJUSUZJQ0FURS0tLS0tCg=="
              }
            ],
            "created_at": "2021-09-18 22:05:24.895 +0000 UTC",
            "enabled_cluster_log_types": [],
            "endpoint": "https://CA608E8CA15A2163D3ED6DD3BF9928F9.gr7.us-west-2.eks.amazonaws.com",
            "id": "my_eks_cluster",
            "identity": [
              {
                "oidc": [
                  {
                    "issuer": "https://oidc.eks.us-west-2.amazonaws.com/id/CA608E8CA15A2163D3ED6DD3BF9928F9"
                  }
                ]
              }
            ],
            "kubernetes_network_config": [
              {
                "service_ipv4_cidr": "172.20.0.0/16"
              }
            ],
            "name": "my_eks_cluster",
            "platform_version": "eks.2",
            "role_arn": "arn:aws:iam::935576846002:role/my_eks_cluster20210918220442191800000002",
            "status": "ACTIVE",
            "tags": {},
            "version": "1.20",
            "vpc_config": [
              {
                "cluster_security_group_id": "sg-0015a9e5461c49781",
                "endpoint_private_access": true,
                "endpoint_public_access": true,
                "public_access_cidrs": [
                  "0.0.0.0/0"
                ],
                "security_group_ids": [
                  "sg-09418aa1aaf71d63d"
                ],
                "subnet_ids": [
                  "subnet-0882a971d0958641e",
                  "subnet-0e5fc4b4ee569abd2",
                  "subnet-0f5a06ad0ecfefac6"
                ],
                "vpc_id": "vpc-0780d2d2a4886ad38"
              }
            ]
          },
          "sensitive_attributes": []
        }
      ]
    },
    {
      "mode": "data",
      "type": "aws_eks_cluster_auth",
      "name": "cluster",
      "provider": "provider[\"registry.terraform.io/hashicorp/aws\"]",
      "instances": [
        {
          "schema_version": 0,
          "attributes": {
            "id": "my_eks_cluster",
            "name": "my_eks_cluster",
            "token": "k8s-aws-v1.aHR0cHM6Ly9zdHMuYW1hem9uYXdzLmNvbS8_QWN0aW9uPUdldENhbGxlcklkZW50aXR5JlZlcnNpb249MjAxMS0wNi0xNSZYLUFtei1BbGdvcml0aG09QVdTNC1ITUFDLVNIQTI1NiZYLUFtei1DcmVkZW50aWFsPUFLSUE1VFZGWlgyWkdSMjVEMzdFJTJGMjAyMTA5MTglMkZ1cy1lYXN0LTElMkZzdHMlMkZhd3M0X3JlcXVlc3QmWC1BbXotRGF0ZT0yMDIxMDkxOFQyMjE4MjJaJlgtQW16LUV4cGlyZXM9MCZYLUFtei1TaWduZWRIZWFkZXJzPWhvc3QlM0J4LWs4cy1hd3MtaWQmWC1BbXotU2lnbmF0dXJlPTg5YzM4ODUyMWE5NzFiNWFkNGY1ODVlYjRjZGRmMTM0YTlhZWY2NTNmNmNkOTVhM2I2MWQ5MTQyYzVjODI3YWU"
          },
          "sensitive_attributes": []
        }
      ]
    },
    {
      "mode": "managed",
      "type": "aws_eip",
      "name": "nat",
      "provider": "provider[\"registry.terraform.io/hashicorp/aws\"]",
      "instances": [
        {
          "index_key": 0,
          "schema_version": 0,
          "attributes": {
            "address": null,
            "allocation_id": null,
            "associate_with_private_ip": null,
            "association_id": "",
            "carrier_ip": "",
            "customer_owned_ip": "",
            "customer_owned_ipv4_pool": "",
            "domain": "vpc",
            "id": "eipalloc-010d12f47701cdc4a",
            "instance": "",
            "network_border_group": "us-west-2",
            "network_interface": "",
            "private_dns": null,
            "private_ip": "",
            "public_dns": "ec2-44-235-223-190.us-west-2.compute.amazonaws.com",
            "public_ip": "44.235.223.190",
            "public_ipv4_pool": "amazon",
            "tags": null,
            "tags_all": {},
            "timeouts": null,
            "vpc": true
          },
          "sensitive_attributes": [],
          "private": "eyJlMmJmYjczMC1lY2FhLTExZTYtOGY4OC0zNDM2M2JjN2M0YzAiOnsiZGVsZXRlIjoxODAwMDAwMDAwMDAsInJlYWQiOjkwMDAwMDAwMDAwMCwidXBkYXRlIjozMDAwMDAwMDAwMDB9fQ=="
        },
        {
          "index_key": 1,
          "schema_version": 0,
          "attributes": {
            "address": null,
            "allocation_id": null,
            "associate_with_private_ip": null,
            "association_id": "",
            "carrier_ip": "",
            "customer_owned_ip": "",
            "customer_owned_ipv4_pool": "",
            "domain": "vpc",
            "id": "eipalloc-0ef076e3d25ebb1fd",
            "instance": "",
            "network_border_group": "us-west-2",
            "network_interface": "",
            "private_dns": null,
            "private_ip": "",
            "public_dns": "ec2-52-12-109-252.us-west-2.compute.amazonaws.com",
            "public_ip": "52.12.109.252",
            "public_ipv4_pool": "amazon",
            "tags": null,
            "tags_all": {},
            "timeouts": null,
            "vpc": true
          },
          "sensitive_attributes": [],
          "private": "eyJlMmJmYjczMC1lY2FhLTExZTYtOGY4OC0zNDM2M2JjN2M0YzAiOnsiZGVsZXRlIjoxODAwMDAwMDAwMDAsInJlYWQiOjkwMDAwMDAwMDAwMCwidXBkYXRlIjozMDAwMDAwMDAwMDB9fQ=="
        },
        {
          "index_key": 2,
          "schema_version": 0,
          "attributes": {
            "address": null,
            "allocation_id": null,
            "associate_with_private_ip": null,
            "association_id": "",
            "carrier_ip": "",
            "customer_owned_ip": "",
            "customer_owned_ipv4_pool": "",
            "domain": "vpc",
            "id": "eipalloc-02eb1055100a78f7d",
            "instance": "",
            "network_border_group": "us-west-2",
            "network_interface": "",
            "private_dns": null,
            "private_ip": "",
            "public_dns": "ec2-52-12-174-191.us-west-2.compute.amazonaws.com",
            "public_ip": "52.12.174.191",
            "public_ipv4_pool": "amazon",
            "tags": null,
            "tags_all": {},
            "timeouts": null,
            "vpc": true
          },
          "sensitive_attributes": [],
          "private": "eyJlMmJmYjczMC1lY2FhLTExZTYtOGY4OC0zNDM2M2JjN2M0YzAiOnsiZGVsZXRlIjoxODAwMDAwMDAwMDAsInJlYWQiOjkwMDAwMDAwMDAwMCwidXBkYXRlIjozMDAwMDAwMDAwMDB9fQ=="
        }
      ]
    },
    {
      "mode": "managed",
      "type": "aws_security_group",
      "name": "worker_group_mgmt_one",
      "provider": "provider[\"registry.terraform.io/hashicorp/aws\"]",
      "instances": [
        {
          "schema_version": 1,
          "attributes": {
            "arn": "arn:aws:ec2:us-west-2:935576846002:security-group/sg-0e036736e4885d3e7",
            "description": "Managed by Terraform",
            "egress": [],
            "id": "sg-0e036736e4885d3e7",
            "ingress": [
              {
                "cidr_blocks": [
                  "10.0.0.0/8"
                ],
                "description": "",
                "from_port": 22,
                "ipv6_cidr_blocks": [],
                "prefix_list_ids": [],
                "protocol": "tcp",
                "security_groups": [],
                "self": false,
                "to_port": 22
              }
            ],
            "name": "worker_group_mgmt_one20210918220506518300000007",
            "name_prefix": "worker_group_mgmt_one",
            "owner_id": "935576846002",
            "revoke_rules_on_delete": false,
            "tags": null,
            "tags_all": {},
            "timeouts": null,
            "vpc_id": "vpc-0780d2d2a4886ad38"
          },
          "sensitive_attributes": [],
          "private": "eyJlMmJmYjczMC1lY2FhLTExZTYtOGY4OC0zNDM2M2JjN2M0YzAiOnsiY3JlYXRlIjo2MDAwMDAwMDAwMDAsImRlbGV0ZSI6OTAwMDAwMDAwMDAwfSwic2NoZW1hX3ZlcnNpb24iOiIxIn0=",
          "dependencies": [
            "module.vpc.aws_vpc.this"
          ],
          "create_before_destroy": true
        }
      ]
    },
    {
      "mode": "managed",
      "type": "kubernetes_deployment",
      "name": "example",
      "provider": "provider[\"registry.terraform.io/hashicorp/kubernetes\"]",
      "instances": [
        {
          "status": "tainted",
          "schema_version": 1,
          "attributes": {
            "id": "default/terraform-example",
            "metadata": [
              {
                "annotations": null,
                "generate_name": "",
                "generation": 0,
                "labels": {
                  "test": "MyExampleApp"
                },
                "name": "terraform-example",
                "namespace": "default",
                "resource_version": "",
                "uid": ""
              }
            ],
            "spec": [
              {
                "min_ready_seconds": 0,
                "paused": false,
                "progress_deadline_seconds": 600,
                "replicas": "1",
                "revision_history_limit": 10,
                "selector": [
                  {
                    "match_expressions": [],
                    "match_labels": {
                      "test": "MyExampleApp"
                    }
                  }
                ],
                "strategy": [],
                "template": [
                  {
                    "metadata": [
                      {
                        "annotations": null,
                        "generate_name": "",
                        "generation": 0,
                        "labels": {
                          "test": "MyExampleApp"
                        },
                        "name": "",
                        "namespace": "",
                        "resource_version": "",
                        "uid": ""
                      }
                    ],
                    "spec": [
                      {
                        "active_deadline_seconds": 0,
                        "affinity": [],
                        "automount_service_account_token": true,
                        "container": [
                          {
                            "args": null,
                            "command": null,
                            "env": [],
                            "env_from": [],
                            "image": "nginx:1.7.8",
                            "image_pull_policy": "",
                            "lifecycle": [],
                            "liveness_probe": [],
                            "name": "example",
                            "port": [],
                            "readiness_probe": [],
                            "resources": [
                              {
                                "limits": {
                                  "cpu": "0.5",
                                  "memory": "512Mi"
                                },
                                "requests": {
                                  "cpu": "250m",
                                  "memory": "50Mi"
                                }
                              }
                            ],
                            "security_context": [],
                            "startup_probe": [],
                            "stdin": false,
                            "stdin_once": false,
                            "termination_message_path": "/dev/termination-log",
                            "termination_message_policy": "",
                            "tty": false,
                            "volume_mount": [],
                            "working_dir": ""
                          }
                        ],
                        "dns_config": [],
                        "dns_policy": "ClusterFirst",
                        "enable_service_links": true,
                        "host_aliases": [],
                        "host_ipc": false,
                        "host_network": false,
                        "host_pid": false,
                        "hostname": "",
                        "image_pull_secrets": [],
                        "init_container": [],
                        "node_name": "",
                        "node_selector": null,
                        "priority_class_name": "",
                        "readiness_gate": [],
                        "restart_policy": "Always",
                        "security_context": [],
                        "service_account_name": "",
                        "share_process_namespace": false,
                        "subdomain": "",
                        "termination_grace_period_seconds": 30,
                        "toleration": [],
                        "topology_spread_constraint": [],
                        "volume": []
                      }
                    ]
                  }
                ]
              }
            ],
            "timeouts": null,
            "wait_for_rollout": true
          },
          "sensitive_attributes": [],
          "private": "eyJlMmJmYjczMC1lY2FhLTExZTYtOGY4OC0zNDM2M2JjN2M0YzAiOnsiY3JlYXRlIjo2MDAwMDAwMDAwMDAsImRlbGV0ZSI6NjAwMDAwMDAwMDAwLCJ1cGRhdGUiOjYwMDAwMDAwMDAwMH0sInNjaGVtYV92ZXJzaW9uIjoiMSJ9",
          "dependencies": [
            "data.aws_availability_zones.available",
            "data.aws_eks_cluster.cluster",
            "data.aws_eks_cluster_auth.cluster",
            "module.eks.aws_cloudwatch_log_group.this",
            "module.eks.aws_eks_cluster.this",
            "module.eks.aws_iam_role.cluster",
            "module.eks.aws_iam_role_policy_attachment.cluster_AmazonEKSClusterPolicy",
            "module.eks.aws_iam_role_policy_attachment.cluster_AmazonEKSServicePolicy",
            "module.eks.aws_iam_role_policy_attachment.cluster_AmazonEKSVPCResourceControllerPolicy",
            "module.eks.aws_security_group.cluster",
            "module.eks.aws_security_group.workers",
            "module.eks.aws_security_group_rule.cluster_egress_internet",
            "module.eks.aws_security_group_rule.cluster_https_worker_ingress",
            "module.eks.aws_security_group_rule.cluster_private_access_cidrs_source",
            "module.eks.aws_security_group_rule.cluster_private_access_sg_source",
            "module.eks.data.aws_iam_policy_document.cluster_assume_role_policy",
            "module.eks.data.aws_iam_role.custom_cluster_iam_role",
            "module.eks.data.aws_partition.current",
            "module.eks.data.http.wait_for_cluster",
            "module.vpc.aws_subnet.private",
            "module.vpc.aws_vpc.this",
            "module.vpc.aws_vpc_ipv4_cidr_block_association.this"
          ]
        }
      ]
    },
    {
      "module": "module.eks",
      "mode": "data",
      "type": "aws_ami",
      "name": "eks_worker",
      "provider": "provider[\"registry.terraform.io/hashicorp/aws\"]",
      "instances": [
        {
          "index_key": 0,
          "schema_version": 0,
          "attributes": {
            "architecture": "x86_64",
            "arn": "arn:aws:ec2:us-west-2::image/ami-06a8c459c01f55c7b",
            "block_device_mappings": [
              {
                "device_name": "/dev/xvda",
                "ebs": {
                  "delete_on_termination": "true",
                  "encrypted": "false",
                  "iops": "0",
                  "snapshot_id": "snap-07fe91c16f0ec8319",
                  "throughput": "0",
                  "volume_size": "20",
                  "volume_type": "gp2"
                },
                "no_device": "",
                "virtual_name": ""
              }
            ],
            "creation_date": "2021-08-31T00:10:57.000Z",
            "description": "EKS Kubernetes Worker AMI with AmazonLinux2 image, (k8s: 1.20.7, docker: 19.03.13ce-1.amzn2, containerd: 1.4.6-2.amzn2)",
            "ena_support": true,
            "executable_users": null,
            "filter": [
              {
                "name": "name",
                "values": [
                  "amazon-eks-node-1.20-v*"
                ]
              }
            ],
            "hypervisor": "xen",
            "id": "ami-06a8c459c01f55c7b",
            "image_id": "ami-06a8c459c01f55c7b",
            "image_location": "amazon/amazon-eks-node-1.20-v20210830",
            "image_owner_alias": "amazon",
            "image_type": "machine",
            "kernel_id": null,
            "most_recent": true,
            "name": "amazon-eks-node-1.20-v20210830",
            "name_regex": null,
            "owner_id": "602401143452",
            "owners": [
              "amazon"
            ],
            "platform": null,
            "platform_details": "Linux/UNIX",
            "product_codes": [],
            "public": true,
            "ramdisk_id": null,
            "root_device_name": "/dev/xvda",
            "root_device_type": "ebs",
            "root_snapshot_id": "snap-07fe91c16f0ec8319",
            "sriov_net_support": "simple",
            "state": "available",
            "state_reason": {
              "code": "UNSET",
              "message": "UNSET"
            },
            "tags": {},
            "usage_operation": "RunInstances",
            "virtualization_type": "hvm"
          },
          "sensitive_attributes": []
        }
      ]
    },
    {
      "module": "module.eks",
      "mode": "data",
      "type": "aws_ami",
      "name": "eks_worker_windows",
      "provider": "provider[\"registry.terraform.io/hashicorp/aws\"]",
      "instances": []
    },
    {
      "module": "module.eks",
      "mode": "data",
      "type": "aws_caller_identity",
      "name": "current",
      "provider": "provider[\"registry.terraform.io/hashicorp/aws\"]",
      "instances": [
        {
          "schema_version": 0,
          "attributes": {
            "account_id": "935576846002",
            "arn": "arn:aws:iam::935576846002:user/Terraform",
            "id": "935576846002",
            "user_id": "AIDA5TVFZX2ZJHUMONK2U"
          },
          "sensitive_attributes": []
        }
      ]
    },
    {
      "module": "module.eks",
      "mode": "data",
      "type": "aws_iam_instance_profile",
      "name": "custom_worker_group_iam_instance_profile",
      "provider": "provider[\"registry.terraform.io/hashicorp/aws\"]",
      "instances": []
    },
    {
      "module": "module.eks",
      "mode": "data",
      "type": "aws_iam_instance_profile",
      "name": "custom_worker_group_launch_template_iam_instance_profile",
      "provider": "provider[\"registry.terraform.io/hashicorp/aws\"]",
      "instances": []
    },
    {
      "module": "module.eks",
      "mode": "data",
      "type": "aws_iam_policy_document",
      "name": "cluster_assume_role_policy",
      "provider": "provider[\"registry.terraform.io/hashicorp/aws\"]",
      "instances": [
        {
          "schema_version": 0,
          "attributes": {
            "id": "2764486067",
            "json": "{\n  \"Version\": \"2012-10-17\",\n  \"Statement\": [\n    {\n      \"Sid\": \"EKSClusterAssumeRole\",\n      \"Effect\": \"Allow\",\n      \"Action\": \"sts:AssumeRole\",\n      \"Principal\": {\n        \"Service\": \"eks.amazonaws.com\"\n      }\n    }\n  ]\n}",
            "override_json": null,
            "override_policy_documents": null,
            "policy_id": null,
            "source_json": null,
            "source_policy_documents": null,
            "statement": [
              {
                "actions": [
                  "sts:AssumeRole"
                ],
                "condition": [],
                "effect": "Allow",
                "not_actions": [],
                "not_principals": [],
                "not_resources": [],
                "principals": [
                  {
                    "identifiers": [
                      "eks.amazonaws.com"
                    ],
                    "type": "Service"
                  }
                ],
                "resources": [],
                "sid": "EKSClusterAssumeRole"
              }
            ],
            "version": "2012-10-17"
          },
          "sensitive_attributes": []
        }
      ]
    },
    {
      "module": "module.eks",
      "mode": "data",
      "type": "aws_iam_policy_document",
      "name": "cluster_elb_sl_role_creation",
      "provider": "provider[\"registry.terraform.io/hashicorp/aws\"]",
      "instances": [
        {
          "index_key": 0,
          "schema_version": 0,
          "attributes": {
            "id": "3709839417",
            "json": "{\n  \"Version\": \"2012-10-17\",\n  \"Statement\": [\n    {\n      \"Sid\": \"\",\n      \"Effect\": \"Allow\",\n      \"Action\": [\n        \"ec2:DescribeInternetGateways\",\n        \"ec2:DescribeAddresses\",\n        \"ec2:DescribeAccountAttributes\"\n      ],\n      \"Resource\": \"*\"\n    }\n  ]\n}",
            "override_json": null,
            "override_policy_documents": null,
            "policy_id": null,
            "source_json": null,
            "source_policy_documents": null,
            "statement": [
              {
                "actions": [
                  "ec2:DescribeAccountAttributes",
                  "ec2:DescribeAddresses",
                  "ec2:DescribeInternetGateways"
                ],
                "condition": [],
                "effect": "Allow",
                "not_actions": [],
                "not_principals": [],
                "not_resources": [],
                "principals": [],
                "resources": [
                  "*"
                ],
                "sid": ""
              }
            ],
            "version": "2012-10-17"
          },
          "sensitive_attributes": []
        }
      ]
    },
    {
      "module": "module.eks",
      "mode": "data",
      "type": "aws_iam_policy_document",
      "name": "workers_assume_role_policy",
      "provider": "provider[\"registry.terraform.io/hashicorp/aws\"]",
      "instances": [
        {
          "schema_version": 0,
          "attributes": {
            "id": "3778018924",
            "json": "{\n  \"Version\": \"2012-10-17\",\n  \"Statement\": [\n    {\n      \"Sid\": \"EKSWorkerAssumeRole\",\n      \"Effect\": \"Allow\",\n      \"Action\": \"sts:AssumeRole\",\n      \"Principal\": {\n        \"Service\": \"ec2.amazonaws.com\"\n      }\n    }\n  ]\n}",
            "override_json": null,
            "override_policy_documents": null,
            "policy_id": null,
            "source_json": null,
            "source_policy_documents": null,
            "statement": [
              {
                "actions": [
                  "sts:AssumeRole"
                ],
                "condition": [],
                "effect": "Allow",
                "not_actions": [],
                "not_principals": [],
                "not_resources": [],
                "principals": [
                  {
                    "identifiers": [
                      "ec2.amazonaws.com"
                    ],
                    "type": "Service"
                  }
                ],
                "resources": [],
                "sid": "EKSWorkerAssumeRole"
              }
            ],
            "version": "2012-10-17"
          },
          "sensitive_attributes": []
        }
      ]
    },
    {
      "module": "module.eks",
      "mode": "data",
      "type": "aws_iam_role",
      "name": "custom_cluster_iam_role",
      "provider": "provider[\"registry.terraform.io/hashicorp/aws\"]",
      "instances": []
    },
    {
      "module": "module.eks",
      "mode": "data",
      "type": "aws_partition",
      "name": "current",
      "provider": "provider[\"registry.terraform.io/hashicorp/aws\"]",
      "instances": [
        {
          "schema_version": 0,
          "attributes": {
            "dns_suffix": "amazonaws.com",
            "id": "aws",
            "partition": "aws",
            "reverse_dns_prefix": "com.amazonaws"
          },
          "sensitive_attributes": []
        }
      ]
    },
    {
      "module": "module.eks",
      "mode": "data",
      "type": "http",
      "name": "wait_for_cluster",
      "provider": "provider[\"registry.terraform.io/terraform-aws-modules/http\"]",
      "instances": [
        {
          "index_key": 0,
          "schema_version": 0,
          "attributes": {
            "body": "ok",
            "ca_certificate": "-----BEGIN CERTIFICATE-----\nMIIC5zCCAc+gAwIBAgIBADANBgkqhkiG9w0BAQsFADAVMRMwEQYDVQQDEwprdWJl\ncm5ldGVzMB4XDTIxMDkxODIyMTE0OVoXDTMxMDkxNjIyMTE0OVowFTETMBEGA1UE\nAxMKa3ViZXJuZXRlczCCASIwDQYJKoZIhvcNAQEBBQADggEPADCCAQoCggEBANMQ\nkQ//pB4qjNchXxr5u89bfyTqNlD/7/LmLMExQ8bg3BYDOwoHMHwmPmreFtxSdlRW\nsxVIQxm/p4m8kJvR0Ahd71MkV6Xzdrjwif+oGk77HRNmqMTT+tVsvCYgJxJ87Gyo\nwanaVPWU98RvHBOonLc4gO8uH92PeklhQxe8UNblMPsQ4n143cnsO6cRFmUolMkD\nQvI7+mlmMW2pw0t0Ljp5Pve+4awTbzq+ZC4cVkcI5afKgdmF3uqhQld+JDxj2d1l\n/08Y6idkH4L7kKbyPC+ZRhUy5PJHa7Dz17m3waxc+VxjPOgs42wir6UV2VEnoq9L\ng+tjES4HHPjGuoAyRGECAwEAAaNCMEAwDgYDVR0PAQH/BAQDAgKkMA8GA1UdEwEB\n/wQFMAMBAf8wHQYDVR0OBBYEFIH2bNpvwlaQtcCseNjgpVS4HWa4MA0GCSqGSIb3\nDQEBCwUAA4IBAQAYSdY4FVpeVStzzB8/cRblyZ/7mmXKmALWAIIwebmHPzCuogNM\nMFLTS2huA1DIDOqlwrySlFD8t0Ar9BqFephXsWeHCAf0xoYhbBfmZL0iEqK3T/E5\n1UgPgdOJyA58wWdcuYlZKD2ZdaHYWABYWlMGNdU0EafNZ42EkSUhrzog8WcuEHfF\nI4ml3CdQSMbP8Z9tc0jeQn3jFOrpqn0ro8EUoCK614n5k2UiUN/wxMuoDfrQd+eZ\nkevRpt5OjoPQ/np0MjOX86euoFmcin8/WirGILskofarRMhyz9N2RrUJ03FKEue3\nOdFcB6vGMggSdaY+qEvDR9djI1OX6GfO9kWQ\n-----END CERTIFICATE-----\n",
            "id": "https://CA608E8CA15A2163D3ED6DD3BF9928F9.gr7.us-west-2.eks.amazonaws.com/healthz",
            "insecure": false,
            "request_headers": null,
            "response_headers": {
              "Cache-Control": "no-cache, private",
              "Content-Length": "2",
              "Content-Type": "text/plain; charset=utf-8",
              "Date": "Sat, 18 Sep 2021 22:18:21 GMT",
              "X-Content-Type-Options": "nosniff",
              "X-Kubernetes-Pf-Flowschema-Uid": "b7e36e36-4a01-457b-b445-9efbbd8a39a4",
              "X-Kubernetes-Pf-Prioritylevel-Uid": "49f38796-595f-48c4-8263-1cae77928b96"
            },
            "timeout": 300,
            "url": "https://CA608E8CA15A2163D3ED6DD3BF9928F9.gr7.us-west-2.eks.amazonaws.com/healthz"
          },
          "sensitive_attributes": []
        }
      ]
    },
    {
      "module": "module.eks",
      "mode": "managed",
      "type": "aws_cloudwatch_log_group",
      "name": "this",
      "provider": "provider[\"registry.terraform.io/hashicorp/aws\"]",
      "instances": []
    },
    {
      "module": "module.eks",
      "mode": "managed",
      "type": "aws_eks_cluster",
      "name": "this",
      "provider": "provider[\"registry.terraform.io/hashicorp/aws\"]",
      "instances": [
        {
          "index_key": 0,
          "schema_version": 0,
          "attributes": {
            "arn": "arn:aws:eks:us-west-2:935576846002:cluster/my_eks_cluster",
            "certificate_authority": [
              {
                "data": "LS0tLS1CRUdJTiBDRVJUSUZJQ0FURS0tLS0tCk1JSUM1ekNDQWMrZ0F3SUJBZ0lCQURBTkJna3Foa2lHOXcwQkFRc0ZBREFWTVJNd0VRWURWUVFERXdwcmRXSmwKY201bGRHVnpNQjRYRFRJeE1Ea3hPREl5TVRFME9Wb1hEVE14TURreE5qSXlNVEUwT1Zvd0ZURVRNQkVHQTFVRQpBeE1LYTNWaVpYSnVaWFJsY3pDQ0FTSXdEUVlKS29aSWh2Y05BUUVCQlFBRGdnRVBBRENDQVFvQ2dnRUJBTk1RCmtRLy9wQjRxak5jaFh4cjV1ODliZnlUcU5sRC83L0xtTE1FeFE4YmczQllET3dvSE1Id21QbXJlRnR4U2RsUlcKc3hWSVF4bS9wNG04a0p2UjBBaGQ3MU1rVjZYemRyandpZitvR2s3N0hSTm1xTVRUK3RWc3ZDWWdKeEo4N0d5bwp3YW5hVlBXVTk4UnZIQk9vbkxjNGdPOHVIOTJQZWtsaFF4ZThVTmJsTVBzUTRuMTQzY25zTzZjUkZtVW9sTWtEClF2STcrbWxtTVcycHcwdDBManA1UHZlKzRhd1RienErWkM0Y1ZrY0k1YWZLZ2RtRjN1cWhRbGQrSkR4ajJkMWwKLzA4WTZpZGtINEw3a0tieVBDK1pSaFV5NVBKSGE3RHoxN20zd2F4YytWeGpQT2dzNDJ3aXI2VVYyVkVub3E5TApnK3RqRVM0SEhQakd1b0F5UkdFQ0F3RUFBYU5DTUVBd0RnWURWUjBQQVFIL0JBUURBZ0trTUE4R0ExVWRFd0VCCi93UUZNQU1CQWY4d0hRWURWUjBPQkJZRUZJSDJiTnB2d2xhUXRjQ3NlTmpncFZTNEhXYTRNQTBHQ1NxR1NJYjMKRFFFQkN3VUFBNElCQVFBWVNkWTRGVnBlVlN0enpCOC9jUmJseVovN21tWEttQUxXQUlJd2VibUhQekN1b2dOTQpNRkxUUzJodUExRElET3Fsd3J5U2xGRDh0MEFyOUJxRmVwaFhzV2VIQ0FmMHhvWWhiQmZtWkwwaUVxSzNUL0U1CjFVZ1BnZE9KeUE1OHdXZGN1WWxaS0QyWmRhSFlXQUJZV2xNR05kVTBFYWZOWjQyRWtTVWhyem9nOFdjdUVIZkYKSTRtbDNDZFFTTWJQOFo5dGMwamVRbjNqRk9ycHFuMHJvOEVVb0NLNjE0bjVrMlVpVU4vd3hNdW9EZnJRZCtlWgprZXZScHQ1T2pvUFEvbnAwTWpPWDg2ZXVvRm1jaW44L1dpckdJTHNrb2ZhclJNaHl6OU4yUnJVSjAzRktFdWUzCk9kRmNCNnZHTWdnU2RhWStxRXZEUjlkakkxT1g2R2ZPOWtXUQotLS0tLUVORCBDRVJUSUZJQ0FURS0tLS0tCg=="
              }
            ],
            "created_at": "2021-09-18 22:05:24.895 +0000 UTC",
            "enabled_cluster_log_types": null,
            "encryption_config": [],
            "endpoint": "https://CA608E8CA15A2163D3ED6DD3BF9928F9.gr7.us-west-2.eks.amazonaws.com",
            "id": "my_eks_cluster",
            "identity": [
              {
                "oidc": [
                  {
                    "issuer": "https://oidc.eks.us-west-2.amazonaws.com/id/CA608E8CA15A2163D3ED6DD3BF9928F9"
                  }
                ]
              }
            ],
            "kubernetes_network_config": [
              {
                "service_ipv4_cidr": "172.20.0.0/16"
              }
            ],
            "name": "my_eks_cluster",
            "platform_version": "eks.2",
            "role_arn": "arn:aws:iam::935576846002:role/my_eks_cluster20210918220442191800000002",
            "status": "ACTIVE",
            "tags": null,
            "tags_all": {},
            "timeouts": {
              "create": "30m",
              "delete": "15m",
              "update": "60m"
            },
            "version": "1.20",
            "vpc_config": [
              {
                "cluster_security_group_id": "sg-0015a9e5461c49781",
                "endpoint_private_access": true,
                "endpoint_public_access": true,
                "public_access_cidrs": [
                  "0.0.0.0/0"
                ],
                "security_group_ids": [
                  "sg-09418aa1aaf71d63d"
                ],
                "subnet_ids": [
                  "subnet-0882a971d0958641e",
                  "subnet-0e5fc4b4ee569abd2",
                  "subnet-0f5a06ad0ecfefac6"
                ],
                "vpc_id": "vpc-0780d2d2a4886ad38"
              }
            ]
          },
          "sensitive_attributes": [],
          "private": "eyJlMmJmYjczMC1lY2FhLTExZTYtOGY4OC0zNDM2M2JjN2M0YzAiOnsiY3JlYXRlIjoxODAwMDAwMDAwMDAwLCJkZWxldGUiOjkwMDAwMDAwMDAwMCwidXBkYXRlIjozNjAwMDAwMDAwMDAwfX0=",
          "dependencies": [
            "data.aws_availability_zones.available",
            "module.eks.aws_cloudwatch_log_group.this",
            "module.eks.aws_iam_role.cluster",
            "module.eks.aws_iam_role_policy_attachment.cluster_AmazonEKSClusterPolicy",
            "module.eks.aws_iam_role_policy_attachment.cluster_AmazonEKSServicePolicy",
            "module.eks.aws_iam_role_policy_attachment.cluster_AmazonEKSVPCResourceControllerPolicy",
            "module.eks.aws_security_group.cluster",
            "module.eks.aws_security_group.workers",
            "module.eks.aws_security_group_rule.cluster_egress_internet",
            "module.eks.aws_security_group_rule.cluster_https_worker_ingress",
            "module.eks.data.aws_iam_policy_document.cluster_assume_role_policy",
            "module.eks.data.aws_iam_role.custom_cluster_iam_role",
            "module.eks.data.aws_partition.current",
            "module.vpc.aws_subnet.private",
            "module.vpc.aws_vpc.this",
            "module.vpc.aws_vpc_ipv4_cidr_block_association.this"
          ],
          "create_before_destroy": true
        }
      ]
    },
    {
      "module": "module.eks",
      "mode": "managed",
      "type": "aws_iam_instance_profile",
      "name": "workers",
      "provider": "provider[\"registry.terraform.io/hashicorp/aws\"]",
      "instances": [
        {
          "index_key": 0,
          "schema_version": 0,
          "attributes": {
            "arn": "arn:aws:iam::935576846002:instance-profile/my_eks_cluster2021091822182420900000000b",
            "create_date": "2021-09-18T22:18:24Z",
            "id": "my_eks_cluster2021091822182420900000000b",
            "name": "my_eks_cluster2021091822182420900000000b",
            "name_prefix": "my_eks_cluster",
            "path": "/",
            "role": "my_eks_cluster2021091822182118010000000a",
            "tags": null,
            "tags_all": {},
            "unique_id": "AIPA5TVFZX2ZO43GZJBOX"
          },
          "sensitive_attributes": [],
          "private": "bnVsbA==",
          "dependencies": [
            "aws_security_group.worker_group_mgmt_one",
            "data.aws_availability_zones.available",
            "module.eks.aws_cloudwatch_log_group.this",
            "module.eks.aws_eks_cluster.this",
            "module.eks.aws_iam_role.cluster",
            "module.eks.aws_iam_role.workers",
            "module.eks.aws_iam_role_policy_attachment.cluster_AmazonEKSClusterPolicy",
            "module.eks.aws_iam_role_policy_attachment.cluster_AmazonEKSServicePolicy",
            "module.eks.aws_iam_role_policy_attachment.cluster_AmazonEKSVPCResourceControllerPolicy",
            "module.eks.aws_security_group.cluster",
            "module.eks.aws_security_group.workers",
            "module.eks.aws_security_group_rule.cluster_egress_internet",
            "module.eks.aws_security_group_rule.cluster_https_worker_ingress",
            "module.eks.data.aws_iam_policy_document.cluster_assume_role_policy",
            "module.eks.data.aws_iam_policy_document.workers_assume_role_policy",
            "module.eks.data.aws_iam_role.custom_cluster_iam_role",
            "module.eks.data.aws_partition.current",
            "module.vpc.aws_subnet.private",
            "module.vpc.aws_vpc.this",
            "module.vpc.aws_vpc_ipv4_cidr_block_association.this"
          ],
          "create_before_destroy": true
        }
      ]
    },
    {
      "module": "module.eks",
      "mode": "managed",
      "type": "aws_iam_instance_profile",
      "name": "workers_launch_template",
      "provider": "provider[\"registry.terraform.io/hashicorp/aws\"]",
      "instances": []
    },
    {
      "module": "module.eks",
      "mode": "managed",
      "type": "aws_iam_policy",
      "name": "cluster_elb_sl_role_creation",
      "provider": "provider[\"registry.terraform.io/hashicorp/aws\"]",
      "instances": [
        {
          "index_key": 0,
          "schema_version": 0,
          "attributes": {
            "arn": "arn:aws:iam::935576846002:policy/my_eks_cluster-elb-sl-role-creation20210918220442190700000001",
            "description": "Permissions for EKS to create AWSServiceRoleForElasticLoadBalancing service-linked role",
            "id": "arn:aws:iam::935576846002:policy/my_eks_cluster-elb-sl-role-creation20210918220442190700000001",
            "name": "my_eks_cluster-elb-sl-role-creation20210918220442190700000001",
            "name_prefix": "my_eks_cluster-elb-sl-role-creation",
            "path": "/",
            "policy": "{\n  \"Version\": \"2012-10-17\",\n  \"Statement\": [\n    {\n      \"Sid\": \"\",\n      \"Effect\": \"Allow\",\n      \"Action\": [\n        \"ec2:DescribeInternetGateways\",\n        \"ec2:DescribeAddresses\",\n        \"ec2:DescribeAccountAttributes\"\n      ],\n      \"Resource\": \"*\"\n    }\n  ]\n}",
            "policy_id": "ANPA5TVFZX2ZPBIED3VMO",
            "tags": null,
            "tags_all": {}
          },
          "sensitive_attributes": [],
          "private": "bnVsbA==",
          "dependencies": [
            "module.eks.data.aws_iam_policy_document.cluster_elb_sl_role_creation"
          ]
        }
      ]
    },
    {
      "module": "module.eks",
      "mode": "managed",
      "type": "aws_iam_role",
      "name": "cluster",
      "provider": "provider[\"registry.terraform.io/hashicorp/aws\"]",
      "instances": [
        {
          "index_key": 0,
          "schema_version": 0,
          "attributes": {
            "arn": "arn:aws:iam::935576846002:role/my_eks_cluster20210918220442191800000002",
            "assume_role_policy": "{\"Version\":\"2012-10-17\",\"Statement\":[{\"Sid\":\"EKSClusterAssumeRole\",\"Effect\":\"Allow\",\"Principal\":{\"Service\":\"eks.amazonaws.com\"},\"Action\":\"sts:AssumeRole\"}]}",
            "create_date": "2021-09-18T22:04:42Z",
            "description": "",
            "force_detach_policies": true,
            "id": "my_eks_cluster20210918220442191800000002",
            "inline_policy": [
              {
                "name": "",
                "policy": ""
              }
            ],
            "managed_policy_arns": [],
            "max_session_duration": 3600,
            "name": "my_eks_cluster20210918220442191800000002",
            "name_prefix": "my_eks_cluster",
            "path": "/",
            "permissions_boundary": null,
            "tags": null,
            "tags_all": {},
            "unique_id": "AROA5TVFZX2ZMDWDS5EEM"
          },
          "sensitive_attributes": [],
          "private": "bnVsbA==",
          "dependencies": [
            "module.eks.data.aws_iam_policy_document.cluster_assume_role_policy"
          ],
          "create_before_destroy": true
        }
      ]
    },
    {
      "module": "module.eks",
      "mode": "managed",
      "type": "aws_iam_role",
      "name": "workers",
      "provider": "provider[\"registry.terraform.io/hashicorp/aws\"]",
      "instances": [
        {
          "index_key": 0,
          "schema_version": 0,
          "attributes": {
            "arn": "arn:aws:iam::935576846002:role/my_eks_cluster2021091822182118010000000a",
            "assume_role_policy": "{\"Version\":\"2012-10-17\",\"Statement\":[{\"Sid\":\"EKSWorkerAssumeRole\",\"Effect\":\"Allow\",\"Principal\":{\"Service\":\"ec2.amazonaws.com\"},\"Action\":\"sts:AssumeRole\"}]}",
            "create_date": "2021-09-18T22:18:21Z",
            "description": "",
            "force_detach_policies": true,
            "id": "my_eks_cluster2021091822182118010000000a",
            "inline_policy": [
              {
                "name": "",
                "policy": ""
              }
            ],
            "managed_policy_arns": [],
            "max_session_duration": 3600,
            "name": "my_eks_cluster2021091822182118010000000a",
            "name_prefix": "my_eks_cluster",
            "path": "/",
            "permissions_boundary": null,
            "tags": null,
            "tags_all": {},
            "unique_id": "AROA5TVFZX2ZNMVXM2D3S"
          },
          "sensitive_attributes": [],
          "private": "bnVsbA==",
          "dependencies": [
            "data.aws_availability_zones.available",
            "module.eks.aws_cloudwatch_log_group.this",
            "module.eks.aws_eks_cluster.this",
            "module.eks.aws_iam_role.cluster",
            "module.eks.aws_iam_role_policy_attachment.cluster_AmazonEKSClusterPolicy",
            "module.eks.aws_iam_role_policy_attachment.cluster_AmazonEKSServicePolicy",
            "module.eks.aws_iam_role_policy_attachment.cluster_AmazonEKSVPCResourceControllerPolicy",
            "module.eks.aws_security_group.cluster",
            "module.eks.aws_security_group.workers",
            "module.eks.aws_security_group_rule.cluster_egress_internet",
            "module.eks.aws_security_group_rule.cluster_https_worker_ingress",
            "module.eks.data.aws_iam_policy_document.cluster_assume_role_policy",
            "module.eks.data.aws_iam_policy_document.workers_assume_role_policy",
            "module.eks.data.aws_iam_role.custom_cluster_iam_role",
            "module.eks.data.aws_partition.current",
            "module.vpc.aws_subnet.private",
            "module.vpc.aws_vpc.this",
            "module.vpc.aws_vpc_ipv4_cidr_block_association.this"
          ],
          "create_before_destroy": true
        }
      ]
    },
    {
      "module": "module.eks",
      "mode": "managed",
      "type": "aws_iam_role_policy_attachment",
      "name": "cluster_AmazonEKSClusterPolicy",
      "provider": "provider[\"registry.terraform.io/hashicorp/aws\"]",
      "instances": [
        {
          "index_key": 0,
          "schema_version": 0,
          "attributes": {
            "id": "my_eks_cluster20210918220442191800000002-20210918220446030700000004",
            "policy_arn": "arn:aws:iam::aws:policy/AmazonEKSClusterPolicy",
            "role": "my_eks_cluster20210918220442191800000002"
          },
          "sensitive_attributes": [],
          "private": "bnVsbA==",
          "dependencies": [
            "module.eks.aws_iam_role.cluster",
            "module.eks.data.aws_iam_policy_document.cluster_assume_role_policy",
            "module.eks.data.aws_partition.current"
          ],
          "create_before_destroy": true
        }
      ]
    },
    {
      "module": "module.eks",
      "mode": "managed",
      "type": "aws_iam_role_policy_attachment",
      "name": "cluster_AmazonEKSServicePolicy",
      "provider": "provider[\"registry.terraform.io/hashicorp/aws\"]",
      "instances": [
        {
          "index_key": 0,
          "schema_version": 0,
          "attributes": {
            "id": "my_eks_cluster20210918220442191800000002-20210918220446034400000005",
            "policy_arn": "arn:aws:iam::aws:policy/AmazonEKSServicePolicy",
            "role": "my_eks_cluster20210918220442191800000002"
          },
          "sensitive_attributes": [],
          "private": "bnVsbA==",
          "dependencies": [
            "module.eks.aws_iam_role.cluster",
            "module.eks.data.aws_iam_policy_document.cluster_assume_role_policy",
            "module.eks.data.aws_partition.current"
          ],
          "create_before_destroy": true
        }
      ]
    },
    {
      "module": "module.eks",
      "mode": "managed",
      "type": "aws_iam_role_policy_attachment",
      "name": "cluster_AmazonEKSVPCResourceControllerPolicy",
      "provider": "provider[\"registry.terraform.io/hashicorp/aws\"]",
      "instances": [
        {
          "index_key": 0,
          "schema_version": 0,
          "attributes": {
            "id": "my_eks_cluster20210918220442191800000002-20210918220446021100000003",
            "policy_arn": "arn:aws:iam::aws:policy/AmazonEKSVPCResourceController",
            "role": "my_eks_cluster20210918220442191800000002"
          },
          "sensitive_attributes": [],
          "private": "bnVsbA==",
          "dependencies": [
            "module.eks.aws_iam_role.cluster",
            "module.eks.data.aws_iam_policy_document.cluster_assume_role_policy",
            "module.eks.data.aws_partition.current"
          ],
          "create_before_destroy": true
        }
      ]
    },
    {
      "module": "module.eks",
      "mode": "managed",
      "type": "aws_iam_role_policy_attachment",
      "name": "cluster_elb_sl_role_creation",
      "provider": "provider[\"registry.terraform.io/hashicorp/aws\"]",
      "instances": [
        {
          "index_key": 0,
          "schema_version": 0,
          "attributes": {
            "id": "my_eks_cluster20210918220442191800000002-20210918220446034400000006",
            "policy_arn": "arn:aws:iam::935576846002:policy/my_eks_cluster-elb-sl-role-creation20210918220442190700000001",
            "role": "my_eks_cluster20210918220442191800000002"
          },
          "sensitive_attributes": [],
          "private": "bnVsbA==",
          "dependencies": [
            "module.eks.aws_iam_policy.cluster_elb_sl_role_creation",
            "module.eks.aws_iam_role.cluster",
            "module.eks.data.aws_iam_policy_document.cluster_assume_role_policy",
            "module.eks.data.aws_iam_policy_document.cluster_elb_sl_role_creation"
          ]
        }
      ]
    },
    {
      "module": "module.eks",
      "mode": "managed",
      "type": "aws_iam_role_policy_attachment",
      "name": "workers_AmazonEC2ContainerRegistryReadOnly",
      "provider": "provider[\"registry.terraform.io/hashicorp/aws\"]",
      "instances": [
        {
          "index_key": 0,
          "schema_version": 0,
          "attributes": {
            "id": "my_eks_cluster2021091822182118010000000a-2021091822182494810000000e",
            "policy_arn": "arn:aws:iam::aws:policy/AmazonEC2ContainerRegistryReadOnly",
            "role": "my_eks_cluster2021091822182118010000000a"
          },
          "sensitive_attributes": [],
          "private": "bnVsbA==",
          "dependencies": [
            "data.aws_availability_zones.available",
            "module.eks.aws_cloudwatch_log_group.this",
            "module.eks.aws_eks_cluster.this",
            "module.eks.aws_iam_role.cluster",
            "module.eks.aws_iam_role.workers",
            "module.eks.aws_iam_role_policy_attachment.cluster_AmazonEKSClusterPolicy",
            "module.eks.aws_iam_role_policy_attachment.cluster_AmazonEKSServicePolicy",
            "module.eks.aws_iam_role_policy_attachment.cluster_AmazonEKSVPCResourceControllerPolicy",
            "module.eks.aws_security_group.cluster",
            "module.eks.aws_security_group.workers",
            "module.eks.aws_security_group_rule.cluster_egress_internet",
            "module.eks.aws_security_group_rule.cluster_https_worker_ingress",
            "module.eks.data.aws_iam_policy_document.cluster_assume_role_policy",
            "module.eks.data.aws_iam_policy_document.workers_assume_role_policy",
            "module.eks.data.aws_iam_role.custom_cluster_iam_role",
            "module.eks.data.aws_partition.current",
            "module.vpc.aws_subnet.private",
            "module.vpc.aws_vpc.this",
            "module.vpc.aws_vpc_ipv4_cidr_block_association.this"
          ],
          "create_before_destroy": true
        }
      ]
    },
    {
      "module": "module.eks",
      "mode": "managed",
      "type": "aws_iam_role_policy_attachment",
      "name": "workers_AmazonEKSWorkerNodePolicy",
      "provider": "provider[\"registry.terraform.io/hashicorp/aws\"]",
      "instances": [
        {
          "index_key": 0,
          "schema_version": 0,
          "attributes": {
            "id": "my_eks_cluster2021091822182118010000000a-2021091822182492430000000c",
            "policy_arn": "arn:aws:iam::aws:policy/AmazonEKSWorkerNodePolicy",
            "role": "my_eks_cluster2021091822182118010000000a"
          },
          "sensitive_attributes": [],
          "private": "bnVsbA==",
          "dependencies": [
            "data.aws_availability_zones.available",
            "module.eks.aws_cloudwatch_log_group.this",
            "module.eks.aws_eks_cluster.this",
            "module.eks.aws_iam_role.cluster",
            "module.eks.aws_iam_role.workers",
            "module.eks.aws_iam_role_policy_attachment.cluster_AmazonEKSClusterPolicy",
            "module.eks.aws_iam_role_policy_attachment.cluster_AmazonEKSServicePolicy",
            "module.eks.aws_iam_role_policy_attachment.cluster_AmazonEKSVPCResourceControllerPolicy",
            "module.eks.aws_security_group.cluster",
            "module.eks.aws_security_group.workers",
            "module.eks.aws_security_group_rule.cluster_egress_internet",
            "module.eks.aws_security_group_rule.cluster_https_worker_ingress",
            "module.eks.data.aws_iam_policy_document.cluster_assume_role_policy",
            "module.eks.data.aws_iam_policy_document.workers_assume_role_policy",
            "module.eks.data.aws_iam_role.custom_cluster_iam_role",
            "module.eks.data.aws_partition.current",
            "module.vpc.aws_subnet.private",
            "module.vpc.aws_vpc.this",
            "module.vpc.aws_vpc_ipv4_cidr_block_association.this"
          ],
          "create_before_destroy": true
        }
      ]
    },
    {
      "module": "module.eks",
      "mode": "managed",
      "type": "aws_iam_role_policy_attachment",
      "name": "workers_AmazonEKS_CNI_Policy",
      "provider": "provider[\"registry.terraform.io/hashicorp/aws\"]",
      "instances": [
        {
          "index_key": 0,
          "schema_version": 0,
          "attributes": {
            "id": "my_eks_cluster2021091822182118010000000a-2021091822182493540000000d",
            "policy_arn": "arn:aws:iam::aws:policy/AmazonEKS_CNI_Policy",
            "role": "my_eks_cluster2021091822182118010000000a"
          },
          "sensitive_attributes": [],
          "private": "bnVsbA==",
          "dependencies": [
            "data.aws_availability_zones.available",
            "module.eks.aws_cloudwatch_log_group.this",
            "module.eks.aws_eks_cluster.this",
            "module.eks.aws_iam_role.cluster",
            "module.eks.aws_iam_role.workers",
            "module.eks.aws_iam_role_policy_attachment.cluster_AmazonEKSClusterPolicy",
            "module.eks.aws_iam_role_policy_attachment.cluster_AmazonEKSServicePolicy",
            "module.eks.aws_iam_role_policy_attachment.cluster_AmazonEKSVPCResourceControllerPolicy",
            "module.eks.aws_security_group.cluster",
            "module.eks.aws_security_group.workers",
            "module.eks.aws_security_group_rule.cluster_egress_internet",
            "module.eks.aws_security_group_rule.cluster_https_worker_ingress",
            "module.eks.data.aws_iam_policy_document.cluster_assume_role_policy",
            "module.eks.data.aws_iam_policy_document.workers_assume_role_policy",
            "module.eks.data.aws_iam_role.custom_cluster_iam_role",
            "module.eks.data.aws_partition.current",
            "module.vpc.aws_subnet.private",
            "module.vpc.aws_vpc.this",
            "module.vpc.aws_vpc_ipv4_cidr_block_association.this"
          ],
          "create_before_destroy": true
        }
      ]
    },
    {
      "module": "module.eks",
      "mode": "managed",
      "type": "aws_iam_role_policy_attachment",
      "name": "workers_additional_policies",
      "provider": "provider[\"registry.terraform.io/hashicorp/aws\"]",
      "instances": []
    },
    {
      "module": "module.eks",
      "mode": "managed",
      "type": "aws_launch_configuration",
      "name": "workers",
      "provider": "provider[\"registry.terraform.io/hashicorp/aws\"]",
      "instances": [
        {
          "index_key": 0,
          "schema_version": 0,
          "attributes": {
            "arn": "arn:aws:autoscaling:us-west-2:935576846002:launchConfiguration:9af38971-632d-424e-95d7-0f6914f9dbc4:launchConfigurationName/my_eks_cluster-worker-group-12021091822182637570000000f",
            "associate_public_ip_address": false,
            "ebs_block_device": [],
            "ebs_optimized": false,
            "enable_monitoring": true,
            "ephemeral_block_device": [],
            "iam_instance_profile": "my_eks_cluster2021091822182420900000000b",
            "id": "my_eks_cluster-worker-group-12021091822182637570000000f",
            "image_id": "ami-06a8c459c01f55c7b",
            "instance_type": "t2.micro",
            "key_name": "",
            "metadata_options": [
              {
                "http_endpoint": "enabled",
                "http_put_response_hop_limit": 1,
                "http_tokens": "optional"
              }
            ],
            "name": "my_eks_cluster-worker-group-12021091822182637570000000f",
            "name_prefix": "my_eks_cluster-worker-group-1",
            "placement_tenancy": "",
            "root_block_device": [
              {
                "delete_on_termination": true,
                "encrypted": false,
                "iops": 0,
                "throughput": 0,
                "volume_size": 100,
                "volume_type": "gp2"
              }
            ],
            "security_groups": [
              "sg-0e036736e4885d3e7",
              "sg-0eeae4f458c80ad10"
            ],
            "spot_price": "",
            "user_data": null,
            "user_data_base64": "IyEvYmluL2Jhc2ggLWUNCg0KIyBBbGxvdyB1c2VyIHN1cHBsaWVkIHByZSB1c2VyZGF0YSBjb2RlDQoNCg0KIyBCb290c3RyYXAgYW5kIGpvaW4gdGhlIGNsdXN0ZXINCi9ldGMvZWtzL2Jvb3RzdHJhcC5zaCAtLWI2NC1jbHVzdGVyLWNhICdMUzB0TFMxQ1JVZEpUaUJEUlZKVVNVWkpRMEZVUlMwdExTMHRDazFKU1VNMWVrTkRRV01yWjBGM1NVSkJaMGxDUVVSQlRrSm5hM0ZvYTJsSE9YY3dRa0ZSYzBaQlJFRldUVkpOZDBWUldVUldVVkZFUlhkd2NtUlhTbXdLWTIwMWJHUkhWbnBOUWpSWVJGUkplRTFFYTNoUFJFbDVUVlJGTUU5V2IxaEVWRTE0VFVScmVFNXFTWGxOVkVVd1QxWnZkMFpVUlZSTlFrVkhRVEZWUlFwQmVFMUxZVE5XYVZwWVNuVmFXRkpzWTNwRFEwRlRTWGRFVVZsS1MyOWFTV2gyWTA1QlVVVkNRbEZCUkdkblJWQkJSRU5EUVZGdlEyZG5SVUpCVGsxUkNtdFJMeTl3UWpSeGFrNWphRmg0Y2pWMU9EbGlabmxVY1U1c1JDODNMMHh0VEUxRmVGRTRZbWN6UWxsRVQzZHZTRTFJZDIxUWJYSmxSblI0VTJSc1VsY0tjM2hXU1ZGNGJTOXdORzA0YTBwMlVqQkJhR1EzTVUxclZqWlllbVJ5YW5kcFppdHZSMnMzTjBoU1RtMXhUVlJVSzNSV2MzWkRXV2RLZUVvNE4wZDVid3AzWVc1aFZsQlhWVGs0VW5aSVFrOXZia3hqTkdkUE9IVklPVEpRWld0c2FGRjRaVGhWVG1Kc1RWQnpVVFJ1TVRRelkyNXpUelpqVWtadFZXOXNUV3RFQ2xGMlNUY3JiV3h0VFZjeWNIY3dkREJNYW5BMVVIWmxLelJoZDFSaWVuRXJXa00wWTFaclkwazFZV1pMWjJSdFJqTjFjV2hSYkdRclNrUjRhakprTVd3S0x6QTRXVFpwWkd0SU5FdzNhMHRpZVZCREsxcFNhRlY1TlZCS1NHRTNSSG94TjIwemQyRjRZeXRXZUdwUVQyZHpOREozYVhJMlZWWXlWa1Z1YjNFNVRBcG5LM1JxUlZNMFNFaFFha2QxYjBGNVVrZEZRMEYzUlVGQllVNURUVVZCZDBSbldVUldVakJRUVZGSUwwSkJVVVJCWjB0clRVRTRSMEV4VldSRmQwVkNDaTkzVVVaTlFVMUNRV1k0ZDBoUldVUldVakJQUWtKWlJVWkpTREppVG5CMmQyeGhVWFJqUTNObFRtcG5jRlpUTkVoWFlUUk5RVEJIUTFOeFIxTkpZak1LUkZGRlFrTjNWVUZCTkVsQ1FWRkJXVk5rV1RSR1ZuQmxWbE4wZW5wQ09DOWpVbUpzZVZvdk4yMXRXRXR0UVV4WFFVbEpkMlZpYlVoUWVrTjFiMmRPVFFwTlJreFVVekpvZFVFeFJFbEVUM0ZzZDNKNVUyeEdSRGgwTUVGeU9VSnhSbVZ3YUZoelYyVklRMEZtTUhodldXaGlRbVp0V2t3d2FVVnhTek5VTDBVMUNqRlZaMUJuWkU5S2VVRTFPSGRYWkdOMVdXeGFTMFF5V21SaFNGbFhRVUpaVjJ4TlIwNWtWVEJGWVdaT1dqUXlSV3RUVldoeWVtOW5PRmRqZFVWSVprWUtTVFJ0YkRORFpGRlRUV0pRT0ZvNWRHTXdhbVZSYmpOcVJrOXljSEZ1TUhKdk9FVlZiME5MTmpFMGJqVnJNbFZwVlU0dmQzaE5kVzlFWm5KUlpDdGxXZ3ByWlhaU2NIUTFUMnB2VUZFdmJuQXdUV3BQV0RnMlpYVnZSbTFqYVc0NEwxZHBja2RKVEhOcmIyWmhjbEpOYUhsNk9VNHlVbkpWU2pBelJrdEZkV1V6Q2s5a1JtTkNOblpIVFdkblUyUmhXU3R4UlhaRVVqbGtha2t4VDFnMlIyWlBPV3RYVVFvdExTMHRMVVZPUkNCRFJWSlVTVVpKUTBGVVJTMHRMUzB0Q2c9PScgLS1hcGlzZXJ2ZXItZW5kcG9pbnQgJ2h0dHBzOi8vQ0E2MDhFOENBMTVBMjE2M0QzRUQ2REQzQkY5OTI4RjkuZ3I3LnVzLXdlc3QtMi5la3MuYW1hem9uYXdzLmNvbScgIC0ta3ViZWxldC1leHRyYS1hcmdzICIiICdteV9la3NfY2x1c3RlcicNCg0KIyBBbGxvdyB1c2VyIHN1cHBsaWVkIHVzZXJkYXRhIGNvZGUNCmVjaG8gZm9vIGJhcg0K",
            "vpc_classic_link_id": "",
            "vpc_classic_link_security_groups": null
          },
          "sensitive_attributes": [],
          "private": "bnVsbA==",
          "dependencies": [
            "aws_security_group.worker_group_mgmt_one",
            "data.aws_availability_zones.available",
            "module.eks.aws_cloudwatch_log_group.this",
            "module.eks.aws_eks_cluster.this",
            "module.eks.aws_iam_instance_profile.workers",
            "module.eks.aws_iam_role.cluster",
            "module.eks.aws_iam_role.workers",
            "module.eks.aws_iam_role_policy_attachment.cluster_AmazonEKSClusterPolicy",
            "module.eks.aws_iam_role_policy_attachment.cluster_AmazonEKSServicePolicy",
            "module.eks.aws_iam_role_policy_attachment.cluster_AmazonEKSVPCResourceControllerPolicy",
            "module.eks.aws_iam_role_policy_attachment.workers_AmazonEC2ContainerRegistryReadOnly",
            "module.eks.aws_iam_role_policy_attachment.workers_AmazonEKSWorkerNodePolicy",
            "module.eks.aws_iam_role_policy_attachment.workers_AmazonEKS_CNI_Policy",
            "module.eks.aws_iam_role_policy_attachment.workers_additional_policies",
            "module.eks.aws_security_group.cluster",
            "module.eks.aws_security_group.workers",
            "module.eks.aws_security_group_rule.cluster_egress_internet",
            "module.eks.aws_security_group_rule.cluster_https_worker_ingress",
            "module.eks.aws_security_group_rule.cluster_primary_ingress_workers",
            "module.eks.aws_security_group_rule.workers_egress_internet",
            "module.eks.aws_security_group_rule.workers_ingress_cluster",
            "module.eks.aws_security_group_rule.workers_ingress_cluster_https",
            "module.eks.aws_security_group_rule.workers_ingress_cluster_kubelet",
            "module.eks.aws_security_group_rule.workers_ingress_cluster_primary",
            "module.eks.aws_security_group_rule.workers_ingress_self",
            "module.eks.data.aws_ami.eks_worker",
            "module.eks.data.aws_ami.eks_worker_windows",
            "module.eks.data.aws_iam_instance_profile.custom_worker_group_iam_instance_profile",
            "module.eks.data.aws_iam_policy_document.cluster_assume_role_policy",
            "module.eks.data.aws_iam_policy_document.workers_assume_role_policy",
            "module.eks.data.aws_iam_role.custom_cluster_iam_role",
            "module.eks.data.aws_partition.current",
            "module.vpc.aws_subnet.private",
            "module.vpc.aws_vpc.this",
            "module.vpc.aws_vpc_ipv4_cidr_block_association.this"
          ],
          "create_before_destroy": true
        }
      ]
    },
    {
      "module": "module.eks",
      "mode": "managed",
      "type": "aws_security_group",
      "name": "cluster",
      "provider": "provider[\"registry.terraform.io/hashicorp/aws\"]",
      "instances": [
        {
          "index_key": 0,
          "schema_version": 1,
          "attributes": {
            "arn": "arn:aws:ec2:us-west-2:935576846002:security-group/sg-09418aa1aaf71d63d",
            "description": "EKS cluster security group.",
            "egress": [],
            "id": "sg-09418aa1aaf71d63d",
            "ingress": [],
            "name": "my_eks_cluster20210918220509821900000008",
            "name_prefix": "my_eks_cluster",
            "owner_id": "935576846002",
            "revoke_rules_on_delete": false,
            "tags": {
              "Name": "my_eks_cluster-eks_cluster_sg"
            },
            "tags_all": {
              "Name": "my_eks_cluster-eks_cluster_sg"
            },
            "timeouts": null,
            "vpc_id": "vpc-0780d2d2a4886ad38"
          },
          "sensitive_attributes": [],
          "private": "eyJlMmJmYjczMC1lY2FhLTExZTYtOGY4OC0zNDM2M2JjN2M0YzAiOnsiY3JlYXRlIjo2MDAwMDAwMDAwMDAsImRlbGV0ZSI6OTAwMDAwMDAwMDAwfSwic2NoZW1hX3ZlcnNpb24iOiIxIn0=",
          "dependencies": [
            "module.vpc.aws_vpc.this"
          ],
          "create_before_destroy": true
        }
      ]
    },
    {
      "module": "module.eks",
      "mode": "managed",
      "type": "aws_security_group",
      "name": "workers",
      "provider": "provider[\"registry.terraform.io/hashicorp/aws\"]",
      "instances": [
        {
          "index_key": 0,
          "schema_version": 1,
          "attributes": {
            "arn": "arn:aws:ec2:us-west-2:935576846002:security-group/sg-0eeae4f458c80ad10",
            "description": "Security group for all nodes in the cluster.",
            "egress": [],
            "id": "sg-0eeae4f458c80ad10",
            "ingress": [],
            "name": "my_eks_cluster20210918220510165300000009",
            "name_prefix": "my_eks_cluster",
            "owner_id": "935576846002",
            "revoke_rules_on_delete": false,
            "tags": {
              "Name": "my_eks_cluster-eks_worker_sg",
              "kubernetes.io/cluster/my_eks_cluster": "owned"
            },
            "tags_all": {
              "Name": "my_eks_cluster-eks_worker_sg",
              "kubernetes.io/cluster/my_eks_cluster": "owned"
            },
            "timeouts": null,
            "vpc_id": "vpc-0780d2d2a4886ad38"
          },
          "sensitive_attributes": [],
          "private": "eyJlMmJmYjczMC1lY2FhLTExZTYtOGY4OC0zNDM2M2JjN2M0YzAiOnsiY3JlYXRlIjo2MDAwMDAwMDAwMDAsImRlbGV0ZSI6OTAwMDAwMDAwMDAwfSwic2NoZW1hX3ZlcnNpb24iOiIxIn0=",
          "dependencies": [
            "module.vpc.aws_vpc.this"
          ],
          "create_before_destroy": true
        }
      ]
    },
    {
      "module": "module.eks",
      "mode": "managed",
      "type": "aws_security_group_rule",
      "name": "cluster_egress_internet",
      "provider": "provider[\"registry.terraform.io/hashicorp/aws\"]",
      "instances": [
        {
          "index_key": 0,
          "schema_version": 2,
          "attributes": {
            "cidr_blocks": [
              "0.0.0.0/0"
            ],
            "description": "Allow cluster egress access to the Internet.",
            "from_port": 0,
            "id": "sgrule-4053408521",
            "ipv6_cidr_blocks": null,
            "prefix_list_ids": null,
            "protocol": "-1",
            "security_group_id": "sg-09418aa1aaf71d63d",
            "self": false,
            "source_security_group_id": null,
            "to_port": 0,
            "type": "egress"
          },
          "sensitive_attributes": [],
          "private": "eyJzY2hlbWFfdmVyc2lvbiI6IjIifQ==",
          "dependencies": [
            "module.eks.aws_security_group.cluster",
            "module.vpc.aws_vpc.this"
          ],
          "create_before_destroy": true
        }
      ]
    },
    {
      "module": "module.eks",
      "mode": "managed",
      "type": "aws_security_group_rule",
      "name": "cluster_https_worker_ingress",
      "provider": "provider[\"registry.terraform.io/hashicorp/aws\"]",
      "instances": [
        {
          "index_key": 0,
          "schema_version": 2,
          "attributes": {
            "cidr_blocks": null,
            "description": "Allow pods to communicate with the EKS cluster API.",
            "from_port": 443,
            "id": "sgrule-3667124076",
            "ipv6_cidr_blocks": null,
            "prefix_list_ids": null,
            "protocol": "tcp",
            "security_group_id": "sg-09418aa1aaf71d63d",
            "self": false,
            "source_security_group_id": "sg-0eeae4f458c80ad10",
            "to_port": 443,
            "type": "ingress"
          },
          "sensitive_attributes": [],
          "private": "eyJzY2hlbWFfdmVyc2lvbiI6IjIifQ==",
          "dependencies": [
            "module.eks.aws_security_group.cluster",
            "module.eks.aws_security_group.workers",
            "module.vpc.aws_vpc.this"
          ],
          "create_before_destroy": true
        }
      ]
    },
    {
      "module": "module.eks",
      "mode": "managed",
      "type": "aws_security_group_rule",
      "name": "cluster_primary_ingress_workers",
      "provider": "provider[\"registry.terraform.io/hashicorp/aws\"]",
      "instances": []
    },
    {
      "module": "module.eks",
      "mode": "managed",
      "type": "aws_security_group_rule",
      "name": "cluster_private_access_cidrs_source",
      "provider": "provider[\"registry.terraform.io/hashicorp/aws\"]",
      "instances": []
    },
    {
      "module": "module.eks",
      "mode": "managed",
      "type": "aws_security_group_rule",
      "name": "cluster_private_access_sg_source",
      "provider": "provider[\"registry.terraform.io/hashicorp/aws\"]",
      "instances": []
    },
    {
      "module": "module.eks",
      "mode": "managed",
      "type": "aws_security_group_rule",
      "name": "workers_egress_internet",
      "provider": "provider[\"registry.terraform.io/hashicorp/aws\"]",
      "instances": [
        {
          "index_key": 0,
          "schema_version": 2,
          "attributes": {
            "cidr_blocks": [
              "0.0.0.0/0"
            ],
            "description": "Allow nodes all egress to the Internet.",
            "from_port": 0,
            "id": "sgrule-1411492602",
            "ipv6_cidr_blocks": null,
            "prefix_list_ids": null,
            "protocol": "-1",
            "security_group_id": "sg-0eeae4f458c80ad10",
            "self": false,
            "source_security_group_id": null,
            "to_port": 0,
            "type": "egress"
          },
          "sensitive_attributes": [],
          "private": "eyJzY2hlbWFfdmVyc2lvbiI6IjIifQ==",
          "dependencies": [
            "module.eks.aws_security_group.workers",
            "module.vpc.aws_vpc.this"
          ],
          "create_before_destroy": true
        }
      ]
    },
    {
      "module": "module.eks",
      "mode": "managed",
      "type": "aws_security_group_rule",
      "name": "workers_ingress_cluster",
      "provider": "provider[\"registry.terraform.io/hashicorp/aws\"]",
      "instances": [
        {
          "index_key": 0,
          "schema_version": 2,
          "attributes": {
            "cidr_blocks": null,
            "description": "Allow workers pods to receive communication from the cluster control plane.",
            "from_port": 1025,
            "id": "sgrule-939925230",
            "ipv6_cidr_blocks": null,
            "prefix_list_ids": null,
            "protocol": "tcp",
            "security_group_id": "sg-0eeae4f458c80ad10",
            "self": false,
            "source_security_group_id": "sg-09418aa1aaf71d63d",
            "to_port": 65535,
            "type": "ingress"
          },
          "sensitive_attributes": [],
          "private": "eyJzY2hlbWFfdmVyc2lvbiI6IjIifQ==",
          "dependencies": [
            "module.eks.aws_security_group.cluster",
            "module.eks.aws_security_group.workers",
            "module.vpc.aws_vpc.this"
          ],
          "create_before_destroy": true
        }
      ]
    },
    {
      "module": "module.eks",
      "mode": "managed",
      "type": "aws_security_group_rule",
      "name": "workers_ingress_cluster_https",
      "provider": "provider[\"registry.terraform.io/hashicorp/aws\"]",
      "instances": [
        {
          "index_key": 0,
          "schema_version": 2,
          "attributes": {
            "cidr_blocks": null,
            "description": "Allow pods running extension API servers on port 443 to receive communication from cluster control plane.",
            "from_port": 443,
            "id": "sgrule-3306624765",
            "ipv6_cidr_blocks": null,
            "prefix_list_ids": null,
            "protocol": "tcp",
            "security_group_id": "sg-0eeae4f458c80ad10",
            "self": false,
            "source_security_group_id": "sg-09418aa1aaf71d63d",
            "to_port": 443,
            "type": "ingress"
          },
          "sensitive_attributes": [],
          "private": "eyJzY2hlbWFfdmVyc2lvbiI6IjIifQ==",
          "dependencies": [
            "module.eks.aws_security_group.cluster",
            "module.eks.aws_security_group.workers",
            "module.vpc.aws_vpc.this"
          ],
          "create_before_destroy": true
        }
      ]
    },
    {
      "module": "module.eks",
      "mode": "managed",
      "type": "aws_security_group_rule",
      "name": "workers_ingress_cluster_kubelet",
      "provider": "provider[\"registry.terraform.io/hashicorp/aws\"]",
      "instances": []
    },
    {
      "module": "module.eks",
      "mode": "managed",
      "type": "aws_security_group_rule",
      "name": "workers_ingress_cluster_primary",
      "provider": "provider[\"registry.terraform.io/hashicorp/aws\"]",
      "instances": []
    },
    {
      "module": "module.eks",
      "mode": "managed",
      "type": "aws_security_group_rule",
      "name": "workers_ingress_self",
      "provider": "provider[\"registry.terraform.io/hashicorp/aws\"]",
      "instances": [
        {
          "index_key": 0,
          "schema_version": 2,
          "attributes": {
            "cidr_blocks": null,
            "description": "Allow node to communicate with each other.",
            "from_port": 0,
            "id": "sgrule-646947087",
            "ipv6_cidr_blocks": null,
            "prefix_list_ids": null,
            "protocol": "-1",
            "security_group_id": "sg-0eeae4f458c80ad10",
            "self": false,
            "source_security_group_id": "sg-0eeae4f458c80ad10",
            "to_port": 65535,
            "type": "ingress"
          },
          "sensitive_attributes": [],
          "private": "eyJzY2hlbWFfdmVyc2lvbiI6IjIifQ==",
          "dependencies": [
            "module.eks.aws_security_group.workers",
            "module.vpc.aws_vpc.this"
          ],
          "create_before_destroy": true
        }
      ]
    },
    {
      "module": "module.eks",
      "mode": "managed",
      "type": "kubernetes_config_map",
      "name": "aws_auth",
      "provider": "provider[\"registry.terraform.io/hashicorp/kubernetes\"]",
      "instances": [
        {
          "index_key": 0,
          "schema_version": 0,
          "attributes": {
            "binary_data": null,
            "data": {
              "mapAccounts": "[]\n",
              "mapRoles": "- \"groups\":\n  - \"system:bootstrappers\"\n  - \"system:nodes\"\n  \"rolearn\": \"arn:aws:iam::935576846002:role/my_eks_cluster2021091822182118010000000a\"\n  \"username\": \"system:node:{{EC2PrivateDNSName}}\"\n",
              "mapUsers": "[]\n"
            },
            "id": "kube-system/aws-auth",
            "metadata": [
              {
                "annotations": null,
                "generate_name": "",
                "generation": 0,
                "labels": {
                  "app.kubernetes.io/managed-by": "Terraform",
                  "terraform.io/module": "terraform-aws-modules.eks.aws"
                },
                "name": "aws-auth",
                "namespace": "kube-system",
                "resource_version": "844",
                "uid": "b9017862-eeac-4d64-be2a-56987d35ca46"
              }
            ]
          },
          "sensitive_attributes": [],
          "private": "bnVsbA==",
          "dependencies": [
            "aws_security_group.worker_group_mgmt_one",
            "data.aws_availability_zones.available",
            "data.aws_eks_cluster.cluster",
            "data.aws_eks_cluster_auth.cluster",
            "module.eks.aws_cloudwatch_log_group.this",
            "module.eks.aws_eks_cluster.this",
            "module.eks.aws_iam_instance_profile.workers",
            "module.eks.aws_iam_instance_profile.workers_launch_template",
            "module.eks.aws_iam_role.cluster",
            "module.eks.aws_iam_role.workers",
            "module.eks.aws_iam_role_policy_attachment.cluster_AmazonEKSClusterPolicy",
            "module.eks.aws_iam_role_policy_attachment.cluster_AmazonEKSServicePolicy",
            "module.eks.aws_iam_role_policy_attachment.cluster_AmazonEKSVPCResourceControllerPolicy",
            "module.eks.aws_security_group.cluster",
            "module.eks.aws_security_group.workers",
            "module.eks.aws_security_group_rule.cluster_egress_internet",
            "module.eks.aws_security_group_rule.cluster_https_worker_ingress",
            "module.eks.aws_security_group_rule.cluster_private_access_cidrs_source",
            "module.eks.aws_security_group_rule.cluster_private_access_sg_source",
            "module.eks.data.aws_ami.eks_worker",
            "module.eks.data.aws_ami.eks_worker_windows",
            "module.eks.data.aws_caller_identity.current",
            "module.eks.data.aws_iam_instance_profile.custom_worker_group_iam_instance_profile",
            "module.eks.data.aws_iam_instance_profile.custom_worker_group_launch_template_iam_instance_profile",
            "module.eks.data.aws_iam_policy_document.cluster_assume_role_policy",
            "module.eks.data.aws_iam_policy_document.workers_assume_role_policy",
            "module.eks.data.aws_iam_role.custom_cluster_iam_role",
            "module.eks.data.aws_partition.current",
            "module.eks.data.http.wait_for_cluster",
            "module.eks.module.fargate.aws_iam_role.eks_fargate_pod",
            "module.eks.module.fargate.data.aws_iam_role.custom_fargate_iam_role",
            "module.vpc.aws_subnet.private",
            "module.vpc.aws_vpc.this",
            "module.vpc.aws_vpc_ipv4_cidr_block_association.this"
          ]
        }
      ]
    },
    {
      "module": "module.eks",
      "mode": "managed",
      "type": "local_file",
      "name": "kubeconfig",
      "provider": "provider[\"registry.terraform.io/hashicorp/local\"]",
      "instances": [
        {
          "index_key": 0,
          "schema_version": 0,
          "attributes": {
            "content": "apiVersion: v1\r\npreferences: {}\r\nkind: Config\r\n\r\nclusters:\r\n- cluster:\r\n    server: https://CA608E8CA15A2163D3ED6DD3BF9928F9.gr7.us-west-2.eks.amazonaws.com\r\n    certificate-authority-data: LS0tLS1CRUdJTiBDRVJUSUZJQ0FURS0tLS0tCk1JSUM1ekNDQWMrZ0F3SUJBZ0lCQURBTkJna3Foa2lHOXcwQkFRc0ZBREFWTVJNd0VRWURWUVFERXdwcmRXSmwKY201bGRHVnpNQjRYRFRJeE1Ea3hPREl5TVRFME9Wb1hEVE14TURreE5qSXlNVEUwT1Zvd0ZURVRNQkVHQTFVRQpBeE1LYTNWaVpYSnVaWFJsY3pDQ0FTSXdEUVlKS29aSWh2Y05BUUVCQlFBRGdnRVBBRENDQVFvQ2dnRUJBTk1RCmtRLy9wQjRxak5jaFh4cjV1ODliZnlUcU5sRC83L0xtTE1FeFE4YmczQllET3dvSE1Id21QbXJlRnR4U2RsUlcKc3hWSVF4bS9wNG04a0p2UjBBaGQ3MU1rVjZYemRyandpZitvR2s3N0hSTm1xTVRUK3RWc3ZDWWdKeEo4N0d5bwp3YW5hVlBXVTk4UnZIQk9vbkxjNGdPOHVIOTJQZWtsaFF4ZThVTmJsTVBzUTRuMTQzY25zTzZjUkZtVW9sTWtEClF2STcrbWxtTVcycHcwdDBManA1UHZlKzRhd1RienErWkM0Y1ZrY0k1YWZLZ2RtRjN1cWhRbGQrSkR4ajJkMWwKLzA4WTZpZGtINEw3a0tieVBDK1pSaFV5NVBKSGE3RHoxN20zd2F4YytWeGpQT2dzNDJ3aXI2VVYyVkVub3E5TApnK3RqRVM0SEhQakd1b0F5UkdFQ0F3RUFBYU5DTUVBd0RnWURWUjBQQVFIL0JBUURBZ0trTUE4R0ExVWRFd0VCCi93UUZNQU1CQWY4d0hRWURWUjBPQkJZRUZJSDJiTnB2d2xhUXRjQ3NlTmpncFZTNEhXYTRNQTBHQ1NxR1NJYjMKRFFFQkN3VUFBNElCQVFBWVNkWTRGVnBlVlN0enpCOC9jUmJseVovN21tWEttQUxXQUlJd2VibUhQekN1b2dOTQpNRkxUUzJodUExRElET3Fsd3J5U2xGRDh0MEFyOUJxRmVwaFhzV2VIQ0FmMHhvWWhiQmZtWkwwaUVxSzNUL0U1CjFVZ1BnZE9KeUE1OHdXZGN1WWxaS0QyWmRhSFlXQUJZV2xNR05kVTBFYWZOWjQyRWtTVWhyem9nOFdjdUVIZkYKSTRtbDNDZFFTTWJQOFo5dGMwamVRbjNqRk9ycHFuMHJvOEVVb0NLNjE0bjVrMlVpVU4vd3hNdW9EZnJRZCtlWgprZXZScHQ1T2pvUFEvbnAwTWpPWDg2ZXVvRm1jaW44L1dpckdJTHNrb2ZhclJNaHl6OU4yUnJVSjAzRktFdWUzCk9kRmNCNnZHTWdnU2RhWStxRXZEUjlkakkxT1g2R2ZPOWtXUQotLS0tLUVORCBDRVJUSUZJQ0FURS0tLS0tCg==\r\n  name: eks_my_eks_cluster\r\n\r\ncontexts:\r\n- context:\r\n    cluster: eks_my_eks_cluster\r\n    user: eks_my_eks_cluster\r\n  name: eks_my_eks_cluster\r\n\r\ncurrent-context: eks_my_eks_cluster\r\n\r\nusers:\r\n- name: eks_my_eks_cluster\r\n  user:\r\n    exec:\r\n      apiVersion: client.authentication.k8s.io/v1alpha1\r\n      command: aws-iam-authenticator\r\n      args:\r\n        - \"token\"\r\n        - \"-i\"\r\n        - \"my_eks_cluster\"\r\n",
            "content_base64": null,
            "directory_permission": "0755",
            "file_permission": "0600",
            "filename": "./kubeconfig_my_eks_cluster",
            "id": "79f46f727eaca9373c8096a0d3ebf8b6e2682391",
            "sensitive_content": null,
            "source": null
          },
          "sensitive_attributes": [],
          "private": "bnVsbA==",
          "dependencies": [
            "data.aws_availability_zones.available",
            "module.eks.aws_cloudwatch_log_group.this",
            "module.eks.aws_eks_cluster.this",
            "module.eks.aws_iam_role.cluster",
            "module.eks.aws_iam_role_policy_attachment.cluster_AmazonEKSClusterPolicy",
            "module.eks.aws_iam_role_policy_attachment.cluster_AmazonEKSServicePolicy",
            "module.eks.aws_iam_role_policy_attachment.cluster_AmazonEKSVPCResourceControllerPolicy",
            "module.eks.aws_security_group.cluster",
            "module.eks.aws_security_group.workers",
            "module.eks.aws_security_group_rule.cluster_egress_internet",
            "module.eks.aws_security_group_rule.cluster_https_worker_ingress",
            "module.eks.data.aws_iam_policy_document.cluster_assume_role_policy",
            "module.eks.data.aws_iam_role.custom_cluster_iam_role",
            "module.eks.data.aws_partition.current",
            "module.vpc.aws_subnet.private",
            "module.vpc.aws_vpc.this",
            "module.vpc.aws_vpc_ipv4_cidr_block_association.this"
          ]
        }
      ]
    },
    {
      "module": "module.eks.module.fargate",
      "mode": "data",
      "type": "aws_partition",
      "name": "current",
      "provider": "provider[\"registry.terraform.io/hashicorp/aws\"]",
      "instances": [
        {
          "schema_version": 0,
          "attributes": {
            "dns_suffix": "amazonaws.com",
            "id": "aws",
            "partition": "aws",
            "reverse_dns_prefix": "com.amazonaws"
          },
          "sensitive_attributes": []
        }
      ]
    },
    {
      "module": "module.vpc",
      "mode": "managed",
      "type": "aws_internet_gateway",
      "name": "this",
      "provider": "provider[\"registry.terraform.io/hashicorp/aws\"]",
      "instances": [
        {
          "index_key": 0,
          "schema_version": 0,
          "attributes": {
            "arn": "arn:aws:ec2:us-west-2:935576846002:internet-gateway/igw-0755b6a59175ef702",
            "id": "igw-0755b6a59175ef702",
            "owner_id": "935576846002",
            "tags": {
              "Name": "eks-cluster-vpc",
              "kubernetes.io/cluster/my_eks_cluster": "shared"
            },
            "tags_all": {
              "Name": "eks-cluster-vpc",
              "kubernetes.io/cluster/my_eks_cluster": "shared"
            },
            "vpc_id": "vpc-0780d2d2a4886ad38"
          },
          "sensitive_attributes": [],
          "private": "bnVsbA==",
          "dependencies": [
            "module.vpc.aws_vpc.this",
            "module.vpc.aws_vpc_ipv4_cidr_block_association.this"
          ]
        }
      ]
    },
    {
      "module": "module.vpc",
      "mode": "managed",
      "type": "aws_nat_gateway",
      "name": "this",
      "provider": "provider[\"registry.terraform.io/hashicorp/aws\"]",
      "instances": [
        {
          "index_key": 0,
          "schema_version": 0,
          "attributes": {
            "allocation_id": "eipalloc-010d12f47701cdc4a",
            "connectivity_type": "public",
            "id": "nat-0023a3e520f6f13b7",
            "network_interface_id": "eni-006bb4b8c298cb307",
            "private_ip": "10.0.4.88",
            "public_ip": "44.235.223.190",
            "subnet_id": "subnet-096330276330fc41f",
            "tags": {
              "Name": "eks-cluster-vpc-us-west-2a",
              "kubernetes.io/cluster/my_eks_cluster": "shared"
            },
            "tags_all": {
              "Name": "eks-cluster-vpc-us-west-2a",
              "kubernetes.io/cluster/my_eks_cluster": "shared"
            }
          },
          "sensitive_attributes": [],
          "private": "bnVsbA==",
          "dependencies": [
            "aws_eip.nat",
            "data.aws_availability_zones.available",
            "module.vpc.aws_eip.nat",
            "module.vpc.aws_internet_gateway.this",
            "module.vpc.aws_subnet.public",
            "module.vpc.aws_vpc.this",
            "module.vpc.aws_vpc_ipv4_cidr_block_association.this"
          ]
        },
        {
          "index_key": 1,
          "schema_version": 0,
          "attributes": {
            "allocation_id": "eipalloc-0ef076e3d25ebb1fd",
            "connectivity_type": "public",
            "id": "nat-0a3b1630dd21424ce",
            "network_interface_id": "eni-00228aa1b11cb2c05",
            "private_ip": "10.0.5.201",
            "public_ip": "52.12.109.252",
            "subnet_id": "subnet-00d56a074b9b5f209",
            "tags": {
              "Name": "eks-cluster-vpc-us-west-2b",
              "kubernetes.io/cluster/my_eks_cluster": "shared"
            },
            "tags_all": {
              "Name": "eks-cluster-vpc-us-west-2b",
              "kubernetes.io/cluster/my_eks_cluster": "shared"
            }
          },
          "sensitive_attributes": [],
          "private": "bnVsbA==",
          "dependencies": [
            "aws_eip.nat",
            "data.aws_availability_zones.available",
            "module.vpc.aws_eip.nat",
            "module.vpc.aws_internet_gateway.this",
            "module.vpc.aws_subnet.public",
            "module.vpc.aws_vpc.this",
            "module.vpc.aws_vpc_ipv4_cidr_block_association.this"
          ]
        },
        {
          "index_key": 2,
          "schema_version": 0,
          "attributes": {
            "allocation_id": "eipalloc-02eb1055100a78f7d",
            "connectivity_type": "public",
            "id": "nat-008135fc535bd84b4",
            "network_interface_id": "eni-036b0ddc25a656e83",
            "private_ip": "10.0.6.85",
            "public_ip": "52.12.174.191",
            "subnet_id": "subnet-0f482d9bda0afb196",
            "tags": {
              "Name": "eks-cluster-vpc-us-west-2c",
              "kubernetes.io/cluster/my_eks_cluster": "shared"
            },
            "tags_all": {
              "Name": "eks-cluster-vpc-us-west-2c",
              "kubernetes.io/cluster/my_eks_cluster": "shared"
            }
          },
          "sensitive_attributes": [],
          "private": "bnVsbA==",
          "dependencies": [
            "aws_eip.nat",
            "data.aws_availability_zones.available",
            "module.vpc.aws_eip.nat",
            "module.vpc.aws_internet_gateway.this",
            "module.vpc.aws_subnet.public",
            "module.vpc.aws_vpc.this",
            "module.vpc.aws_vpc_ipv4_cidr_block_association.this"
          ]
        }
      ]
    },
    {
      "module": "module.vpc",
      "mode": "managed",
      "type": "aws_route",
      "name": "private_nat_gateway",
      "provider": "provider[\"registry.terraform.io/hashicorp/aws\"]",
      "instances": [
        {
          "index_key": 0,
          "schema_version": 0,
          "attributes": {
            "carrier_gateway_id": "",
            "destination_cidr_block": "0.0.0.0/0",
            "destination_ipv6_cidr_block": "",
            "destination_prefix_list_id": "",
            "egress_only_gateway_id": "",
            "gateway_id": "",
            "id": "r-rtb-0c26552c2432738ae1080289494",
            "instance_id": "",
            "instance_owner_id": "",
            "local_gateway_id": "",
            "nat_gateway_id": "nat-0023a3e520f6f13b7",
            "network_interface_id": "",
            "origin": "CreateRoute",
            "route_table_id": "rtb-0c26552c2432738ae",
            "state": "active",
            "timeouts": {
              "create": "5m",
              "delete": null
            },
            "transit_gateway_id": "",
            "vpc_endpoint_id": "",
            "vpc_peering_connection_id": ""
          },
          "sensitive_attributes": [],
          "private": "eyJlMmJmYjczMC1lY2FhLTExZTYtOGY4OC0zNDM2M2JjN2M0YzAiOnsiY3JlYXRlIjozMDAwMDAwMDAwMDAsImRlbGV0ZSI6MzAwMDAwMDAwMDAwfX0=",
          "dependencies": [
            "aws_eip.nat",
            "data.aws_availability_zones.available",
            "module.vpc.aws_eip.nat",
            "module.vpc.aws_internet_gateway.this",
            "module.vpc.aws_nat_gateway.this",
            "module.vpc.aws_route_table.private",
            "module.vpc.aws_subnet.public",
            "module.vpc.aws_vpc.this",
            "module.vpc.aws_vpc_ipv4_cidr_block_association.this"
          ]
        },
        {
          "index_key": 1,
          "schema_version": 0,
          "attributes": {
            "carrier_gateway_id": "",
            "destination_cidr_block": "0.0.0.0/0",
            "destination_ipv6_cidr_block": "",
            "destination_prefix_list_id": "",
            "egress_only_gateway_id": "",
            "gateway_id": "",
            "id": "r-rtb-05d5ea28f58a445221080289494",
            "instance_id": "",
            "instance_owner_id": "",
            "local_gateway_id": "",
            "nat_gateway_id": "nat-0a3b1630dd21424ce",
            "network_interface_id": "",
            "origin": "CreateRoute",
            "route_table_id": "rtb-05d5ea28f58a44522",
            "state": "active",
            "timeouts": {
              "create": "5m",
              "delete": null
            },
            "transit_gateway_id": "",
            "vpc_endpoint_id": "",
            "vpc_peering_connection_id": ""
          },
          "sensitive_attributes": [],
          "private": "eyJlMmJmYjczMC1lY2FhLTExZTYtOGY4OC0zNDM2M2JjN2M0YzAiOnsiY3JlYXRlIjozMDAwMDAwMDAwMDAsImRlbGV0ZSI6MzAwMDAwMDAwMDAwfX0=",
          "dependencies": [
            "aws_eip.nat",
            "data.aws_availability_zones.available",
            "module.vpc.aws_eip.nat",
            "module.vpc.aws_internet_gateway.this",
            "module.vpc.aws_nat_gateway.this",
            "module.vpc.aws_route_table.private",
            "module.vpc.aws_subnet.public",
            "module.vpc.aws_vpc.this",
            "module.vpc.aws_vpc_ipv4_cidr_block_association.this"
          ]
        },
        {
          "index_key": 2,
          "schema_version": 0,
          "attributes": {
            "carrier_gateway_id": "",
            "destination_cidr_block": "0.0.0.0/0",
            "destination_ipv6_cidr_block": "",
            "destination_prefix_list_id": "",
            "egress_only_gateway_id": "",
            "gateway_id": "",
            "id": "r-rtb-00af0039d5d488ece1080289494",
            "instance_id": "",
            "instance_owner_id": "",
            "local_gateway_id": "",
            "nat_gateway_id": "nat-008135fc535bd84b4",
            "network_interface_id": "",
            "origin": "CreateRoute",
            "route_table_id": "rtb-00af0039d5d488ece",
            "state": "active",
            "timeouts": {
              "create": "5m",
              "delete": null
            },
            "transit_gateway_id": "",
            "vpc_endpoint_id": "",
            "vpc_peering_connection_id": ""
          },
          "sensitive_attributes": [],
          "private": "eyJlMmJmYjczMC1lY2FhLTExZTYtOGY4OC0zNDM2M2JjN2M0YzAiOnsiY3JlYXRlIjozMDAwMDAwMDAwMDAsImRlbGV0ZSI6MzAwMDAwMDAwMDAwfX0=",
          "dependencies": [
            "aws_eip.nat",
            "data.aws_availability_zones.available",
            "module.vpc.aws_eip.nat",
            "module.vpc.aws_internet_gateway.this",
            "module.vpc.aws_nat_gateway.this",
            "module.vpc.aws_route_table.private",
            "module.vpc.aws_subnet.public",
            "module.vpc.aws_vpc.this",
            "module.vpc.aws_vpc_ipv4_cidr_block_association.this"
          ]
        }
      ]
    },
    {
      "module": "module.vpc",
      "mode": "managed",
      "type": "aws_route",
      "name": "public_internet_gateway",
      "provider": "provider[\"registry.terraform.io/hashicorp/aws\"]",
      "instances": [
        {
          "index_key": 0,
          "schema_version": 0,
          "attributes": {
            "carrier_gateway_id": "",
            "destination_cidr_block": "0.0.0.0/0",
            "destination_ipv6_cidr_block": "",
            "destination_prefix_list_id": "",
            "egress_only_gateway_id": "",
            "gateway_id": "igw-0755b6a59175ef702",
            "id": "r-rtb-0123d54e4afa67c511080289494",
            "instance_id": "",
            "instance_owner_id": "",
            "local_gateway_id": "",
            "nat_gateway_id": "",
            "network_interface_id": "",
            "origin": "CreateRoute",
            "route_table_id": "rtb-0123d54e4afa67c51",
            "state": "active",
            "timeouts": {
              "create": "5m",
              "delete": null
            },
            "transit_gateway_id": "",
            "vpc_endpoint_id": "",
            "vpc_peering_connection_id": ""
          },
          "sensitive_attributes": [],
          "private": "eyJlMmJmYjczMC1lY2FhLTExZTYtOGY4OC0zNDM2M2JjN2M0YzAiOnsiY3JlYXRlIjozMDAwMDAwMDAwMDAsImRlbGV0ZSI6MzAwMDAwMDAwMDAwfX0=",
          "dependencies": [
            "module.vpc.aws_internet_gateway.this",
            "module.vpc.aws_route_table.public",
            "module.vpc.aws_vpc.this",
            "module.vpc.aws_vpc_ipv4_cidr_block_association.this"
          ]
        }
      ]
    },
    {
      "module": "module.vpc",
      "mode": "managed",
      "type": "aws_route_table",
      "name": "private",
      "provider": "provider[\"registry.terraform.io/hashicorp/aws\"]",
      "instances": [
        {
          "index_key": 0,
          "schema_version": 0,
          "attributes": {
            "arn": "arn:aws:ec2:us-west-2:935576846002:route-table/rtb-0c26552c2432738ae",
            "id": "rtb-0c26552c2432738ae",
            "owner_id": "935576846002",
            "propagating_vgws": [],
            "route": [],
            "tags": {
              "Name": "eks-cluster-vpc-private-us-west-2a",
              "kubernetes.io/cluster/my_eks_cluster": "shared"
            },
            "tags_all": {
              "Name": "eks-cluster-vpc-private-us-west-2a",
              "kubernetes.io/cluster/my_eks_cluster": "shared"
            },
            "vpc_id": "vpc-0780d2d2a4886ad38"
          },
          "sensitive_attributes": [],
          "private": "bnVsbA==",
          "dependencies": [
            "data.aws_availability_zones.available",
            "module.vpc.aws_vpc.this",
            "module.vpc.aws_vpc_ipv4_cidr_block_association.this"
          ]
        },
        {
          "index_key": 1,
          "schema_version": 0,
          "attributes": {
            "arn": "arn:aws:ec2:us-west-2:935576846002:route-table/rtb-05d5ea28f58a44522",
            "id": "rtb-05d5ea28f58a44522",
            "owner_id": "935576846002",
            "propagating_vgws": [],
            "route": [],
            "tags": {
              "Name": "eks-cluster-vpc-private-us-west-2b",
              "kubernetes.io/cluster/my_eks_cluster": "shared"
            },
            "tags_all": {
              "Name": "eks-cluster-vpc-private-us-west-2b",
              "kubernetes.io/cluster/my_eks_cluster": "shared"
            },
            "vpc_id": "vpc-0780d2d2a4886ad38"
          },
          "sensitive_attributes": [],
          "private": "bnVsbA==",
          "dependencies": [
            "data.aws_availability_zones.available",
            "module.vpc.aws_vpc.this",
            "module.vpc.aws_vpc_ipv4_cidr_block_association.this"
          ]
        },
        {
          "index_key": 2,
          "schema_version": 0,
          "attributes": {
            "arn": "arn:aws:ec2:us-west-2:935576846002:route-table/rtb-00af0039d5d488ece",
            "id": "rtb-00af0039d5d488ece",
            "owner_id": "935576846002",
            "propagating_vgws": [],
            "route": [],
            "tags": {
              "Name": "eks-cluster-vpc-private-us-west-2c",
              "kubernetes.io/cluster/my_eks_cluster": "shared"
            },
            "tags_all": {
              "Name": "eks-cluster-vpc-private-us-west-2c",
              "kubernetes.io/cluster/my_eks_cluster": "shared"
            },
            "vpc_id": "vpc-0780d2d2a4886ad38"
          },
          "sensitive_attributes": [],
          "private": "bnVsbA==",
          "dependencies": [
            "data.aws_availability_zones.available",
            "module.vpc.aws_vpc.this",
            "module.vpc.aws_vpc_ipv4_cidr_block_association.this"
          ]
        }
      ]
    },
    {
      "module": "module.vpc",
      "mode": "managed",
      "type": "aws_route_table",
      "name": "public",
      "provider": "provider[\"registry.terraform.io/hashicorp/aws\"]",
      "instances": [
        {
          "index_key": 0,
          "schema_version": 0,
          "attributes": {
            "arn": "arn:aws:ec2:us-west-2:935576846002:route-table/rtb-0123d54e4afa67c51",
            "id": "rtb-0123d54e4afa67c51",
            "owner_id": "935576846002",
            "propagating_vgws": [],
            "route": [],
            "tags": {
              "Name": "eks-cluster-vpc-public",
              "kubernetes.io/cluster/my_eks_cluster": "shared"
            },
            "tags_all": {
              "Name": "eks-cluster-vpc-public",
              "kubernetes.io/cluster/my_eks_cluster": "shared"
            },
            "vpc_id": "vpc-0780d2d2a4886ad38"
          },
          "sensitive_attributes": [],
          "private": "bnVsbA==",
          "dependencies": [
            "module.vpc.aws_vpc.this",
            "module.vpc.aws_vpc_ipv4_cidr_block_association.this"
          ]
        }
      ]
    },
    {
      "module": "module.vpc",
      "mode": "managed",
      "type": "aws_route_table_association",
      "name": "private",
      "provider": "provider[\"registry.terraform.io/hashicorp/aws\"]",
      "instances": [
        {
          "index_key": 0,
          "schema_version": 0,
          "attributes": {
            "gateway_id": "",
            "id": "rtbassoc-08d06d3e6b7b56249",
            "route_table_id": "rtb-0c26552c2432738ae",
            "subnet_id": "subnet-0f5a06ad0ecfefac6"
          },
          "sensitive_attributes": [],
          "private": "bnVsbA==",
          "dependencies": [
            "data.aws_availability_zones.available",
            "module.vpc.aws_route_table.private",
            "module.vpc.aws_subnet.private",
            "module.vpc.aws_vpc.this",
            "module.vpc.aws_vpc_ipv4_cidr_block_association.this"
          ]
        },
        {
          "index_key": 1,
          "schema_version": 0,
          "attributes": {
            "gateway_id": "",
            "id": "rtbassoc-0921a7e92f7bba4da",
            "route_table_id": "rtb-05d5ea28f58a44522",
            "subnet_id": "subnet-0882a971d0958641e"
          },
          "sensitive_attributes": [],
          "private": "bnVsbA==",
          "dependencies": [
            "data.aws_availability_zones.available",
            "module.vpc.aws_route_table.private",
            "module.vpc.aws_subnet.private",
            "module.vpc.aws_vpc.this",
            "module.vpc.aws_vpc_ipv4_cidr_block_association.this"
          ]
        },
        {
          "index_key": 2,
          "schema_version": 0,
          "attributes": {
            "gateway_id": "",
            "id": "rtbassoc-0ccbf6e1403fcc1cf",
            "route_table_id": "rtb-00af0039d5d488ece",
            "subnet_id": "subnet-0e5fc4b4ee569abd2"
          },
          "sensitive_attributes": [],
          "private": "bnVsbA==",
          "dependencies": [
            "data.aws_availability_zones.available",
            "module.vpc.aws_route_table.private",
            "module.vpc.aws_subnet.private",
            "module.vpc.aws_vpc.this",
            "module.vpc.aws_vpc_ipv4_cidr_block_association.this"
          ]
        }
      ]
    },
    {
      "module": "module.vpc",
      "mode": "managed",
      "type": "aws_route_table_association",
      "name": "public",
      "provider": "provider[\"registry.terraform.io/hashicorp/aws\"]",
      "instances": [
        {
          "index_key": 0,
          "schema_version": 0,
          "attributes": {
            "gateway_id": "",
            "id": "rtbassoc-053de7a34e16fe565",
            "route_table_id": "rtb-0123d54e4afa67c51",
            "subnet_id": "subnet-096330276330fc41f"
          },
          "sensitive_attributes": [],
          "private": "bnVsbA==",
          "dependencies": [
            "data.aws_availability_zones.available",
            "module.vpc.aws_route_table.public",
            "module.vpc.aws_subnet.public",
            "module.vpc.aws_vpc.this",
            "module.vpc.aws_vpc_ipv4_cidr_block_association.this"
          ]
        },
        {
          "index_key": 1,
          "schema_version": 0,
          "attributes": {
            "gateway_id": "",
            "id": "rtbassoc-0ab6211af650b68f3",
            "route_table_id": "rtb-0123d54e4afa67c51",
            "subnet_id": "subnet-00d56a074b9b5f209"
          },
          "sensitive_attributes": [],
          "private": "bnVsbA==",
          "dependencies": [
            "data.aws_availability_zones.available",
            "module.vpc.aws_route_table.public",
            "module.vpc.aws_subnet.public",
            "module.vpc.aws_vpc.this",
            "module.vpc.aws_vpc_ipv4_cidr_block_association.this"
          ]
        },
        {
          "index_key": 2,
          "schema_version": 0,
          "attributes": {
            "gateway_id": "",
            "id": "rtbassoc-06e7e18093151dacb",
            "route_table_id": "rtb-0123d54e4afa67c51",
            "subnet_id": "subnet-0f482d9bda0afb196"
          },
          "sensitive_attributes": [],
          "private": "bnVsbA==",
          "dependencies": [
            "data.aws_availability_zones.available",
            "module.vpc.aws_route_table.public",
            "module.vpc.aws_subnet.public",
            "module.vpc.aws_vpc.this",
            "module.vpc.aws_vpc_ipv4_cidr_block_association.this"
          ]
        }
      ]
    },
    {
      "module": "module.vpc",
      "mode": "managed",
      "type": "aws_subnet",
      "name": "private",
      "provider": "provider[\"registry.terraform.io/hashicorp/aws\"]",
      "instances": [
        {
          "index_key": 0,
          "schema_version": 1,
          "attributes": {
            "arn": "arn:aws:ec2:us-west-2:935576846002:subnet/subnet-0f5a06ad0ecfefac6",
            "assign_ipv6_address_on_creation": false,
            "availability_zone": "us-west-2a",
            "availability_zone_id": "usw2-az1",
            "cidr_block": "10.0.1.0/24",
            "customer_owned_ipv4_pool": "",
            "id": "subnet-0f5a06ad0ecfefac6",
            "ipv6_cidr_block": "",
            "ipv6_cidr_block_association_id": "",
            "map_customer_owned_ip_on_launch": false,
            "map_public_ip_on_launch": false,
            "outpost_arn": "",
            "owner_id": "935576846002",
            "tags": {
              "Name": "eks-cluster-vpc-private-us-west-2a",
              "kubernetes.io/cluster/my_eks_cluster": "shared",
              "kubernetes.io/role/internal-elb": "1"
            },
            "tags_all": {
              "Name": "eks-cluster-vpc-private-us-west-2a",
              "kubernetes.io/cluster/my_eks_cluster": "shared",
              "kubernetes.io/role/internal-elb": "1"
            },
            "timeouts": null,
            "vpc_id": "vpc-0780d2d2a4886ad38"
          },
          "sensitive_attributes": [],
          "private": "eyJlMmJmYjczMC1lY2FhLTExZTYtOGY4OC0zNDM2M2JjN2M0YzAiOnsiY3JlYXRlIjo2MDAwMDAwMDAwMDAsImRlbGV0ZSI6MTIwMDAwMDAwMDAwMH0sInNjaGVtYV92ZXJzaW9uIjoiMSJ9",
          "dependencies": [
            "data.aws_availability_zones.available",
            "module.vpc.aws_vpc.this",
            "module.vpc.aws_vpc_ipv4_cidr_block_association.this"
          ],
          "create_before_destroy": true
        },
        {
          "index_key": 1,
          "schema_version": 1,
          "attributes": {
            "arn": "arn:aws:ec2:us-west-2:935576846002:subnet/subnet-0882a971d0958641e",
            "assign_ipv6_address_on_creation": false,
            "availability_zone": "us-west-2b",
            "availability_zone_id": "usw2-az2",
            "cidr_block": "10.0.2.0/24",
            "customer_owned_ipv4_pool": "",
            "id": "subnet-0882a971d0958641e",
            "ipv6_cidr_block": "",
            "ipv6_cidr_block_association_id": "",
            "map_customer_owned_ip_on_launch": false,
            "map_public_ip_on_launch": false,
            "outpost_arn": "",
            "owner_id": "935576846002",
            "tags": {
              "Name": "eks-cluster-vpc-private-us-west-2b",
              "kubernetes.io/cluster/my_eks_cluster": "shared",
              "kubernetes.io/role/internal-elb": "1"
            },
            "tags_all": {
              "Name": "eks-cluster-vpc-private-us-west-2b",
              "kubernetes.io/cluster/my_eks_cluster": "shared",
              "kubernetes.io/role/internal-elb": "1"
            },
            "timeouts": null,
            "vpc_id": "vpc-0780d2d2a4886ad38"
          },
          "sensitive_attributes": [],
          "private": "eyJlMmJmYjczMC1lY2FhLTExZTYtOGY4OC0zNDM2M2JjN2M0YzAiOnsiY3JlYXRlIjo2MDAwMDAwMDAwMDAsImRlbGV0ZSI6MTIwMDAwMDAwMDAwMH0sInNjaGVtYV92ZXJzaW9uIjoiMSJ9",
          "dependencies": [
            "data.aws_availability_zones.available",
            "module.vpc.aws_vpc.this",
            "module.vpc.aws_vpc_ipv4_cidr_block_association.this"
          ],
          "create_before_destroy": true
        },
        {
          "index_key": 2,
          "schema_version": 1,
          "attributes": {
            "arn": "arn:aws:ec2:us-west-2:935576846002:subnet/subnet-0e5fc4b4ee569abd2",
            "assign_ipv6_address_on_creation": false,
            "availability_zone": "us-west-2c",
            "availability_zone_id": "usw2-az3",
            "cidr_block": "10.0.3.0/24",
            "customer_owned_ipv4_pool": "",
            "id": "subnet-0e5fc4b4ee569abd2",
            "ipv6_cidr_block": "",
            "ipv6_cidr_block_association_id": "",
            "map_customer_owned_ip_on_launch": false,
            "map_public_ip_on_launch": false,
            "outpost_arn": "",
            "owner_id": "935576846002",
            "tags": {
              "Name": "eks-cluster-vpc-private-us-west-2c",
              "kubernetes.io/cluster/my_eks_cluster": "shared",
              "kubernetes.io/role/internal-elb": "1"
            },
            "tags_all": {
              "Name": "eks-cluster-vpc-private-us-west-2c",
              "kubernetes.io/cluster/my_eks_cluster": "shared",
              "kubernetes.io/role/internal-elb": "1"
            },
            "timeouts": null,
            "vpc_id": "vpc-0780d2d2a4886ad38"
          },
          "sensitive_attributes": [],
          "private": "eyJlMmJmYjczMC1lY2FhLTExZTYtOGY4OC0zNDM2M2JjN2M0YzAiOnsiY3JlYXRlIjo2MDAwMDAwMDAwMDAsImRlbGV0ZSI6MTIwMDAwMDAwMDAwMH0sInNjaGVtYV92ZXJzaW9uIjoiMSJ9",
          "dependencies": [
            "data.aws_availability_zones.available",
            "module.vpc.aws_vpc.this",
            "module.vpc.aws_vpc_ipv4_cidr_block_association.this"
          ],
          "create_before_destroy": true
        }
      ]
    },
    {
      "module": "module.vpc",
      "mode": "managed",
      "type": "aws_subnet",
      "name": "public",
      "provider": "provider[\"registry.terraform.io/hashicorp/aws\"]",
      "instances": [
        {
          "index_key": 0,
          "schema_version": 1,
          "attributes": {
            "arn": "arn:aws:ec2:us-west-2:935576846002:subnet/subnet-096330276330fc41f",
            "assign_ipv6_address_on_creation": false,
            "availability_zone": "us-west-2a",
            "availability_zone_id": "usw2-az1",
            "cidr_block": "10.0.4.0/24",
            "customer_owned_ipv4_pool": "",
            "id": "subnet-096330276330fc41f",
            "ipv6_cidr_block": "",
            "ipv6_cidr_block_association_id": "",
            "map_customer_owned_ip_on_launch": false,
            "map_public_ip_on_launch": true,
            "outpost_arn": "",
            "owner_id": "935576846002",
            "tags": {
              "Name": "eks-cluster-vpc-public-us-west-2a",
              "kubernetes.io/cluster/my_eks_cluster": "shared",
              "kubernetes.io/role/elb": "1"
            },
            "tags_all": {
              "Name": "eks-cluster-vpc-public-us-west-2a",
              "kubernetes.io/cluster/my_eks_cluster": "shared",
              "kubernetes.io/role/elb": "1"
            },
            "timeouts": null,
            "vpc_id": "vpc-0780d2d2a4886ad38"
          },
          "sensitive_attributes": [],
          "private": "eyJlMmJmYjczMC1lY2FhLTExZTYtOGY4OC0zNDM2M2JjN2M0YzAiOnsiY3JlYXRlIjo2MDAwMDAwMDAwMDAsImRlbGV0ZSI6MTIwMDAwMDAwMDAwMH0sInNjaGVtYV92ZXJzaW9uIjoiMSJ9",
          "dependencies": [
            "data.aws_availability_zones.available",
            "module.vpc.aws_vpc.this",
            "module.vpc.aws_vpc_ipv4_cidr_block_association.this"
          ]
        },
        {
          "index_key": 1,
          "schema_version": 1,
          "attributes": {
            "arn": "arn:aws:ec2:us-west-2:935576846002:subnet/subnet-00d56a074b9b5f209",
            "assign_ipv6_address_on_creation": false,
            "availability_zone": "us-west-2b",
            "availability_zone_id": "usw2-az2",
            "cidr_block": "10.0.5.0/24",
            "customer_owned_ipv4_pool": "",
            "id": "subnet-00d56a074b9b5f209",
            "ipv6_cidr_block": "",
            "ipv6_cidr_block_association_id": "",
            "map_customer_owned_ip_on_launch": false,
            "map_public_ip_on_launch": true,
            "outpost_arn": "",
            "owner_id": "935576846002",
            "tags": {
              "Name": "eks-cluster-vpc-public-us-west-2b",
              "kubernetes.io/cluster/my_eks_cluster": "shared",
              "kubernetes.io/role/elb": "1"
            },
            "tags_all": {
              "Name": "eks-cluster-vpc-public-us-west-2b",
              "kubernetes.io/cluster/my_eks_cluster": "shared",
              "kubernetes.io/role/elb": "1"
            },
            "timeouts": null,
            "vpc_id": "vpc-0780d2d2a4886ad38"
          },
          "sensitive_attributes": [],
          "private": "eyJlMmJmYjczMC1lY2FhLTExZTYtOGY4OC0zNDM2M2JjN2M0YzAiOnsiY3JlYXRlIjo2MDAwMDAwMDAwMDAsImRlbGV0ZSI6MTIwMDAwMDAwMDAwMH0sInNjaGVtYV92ZXJzaW9uIjoiMSJ9",
          "dependencies": [
            "data.aws_availability_zones.available",
            "module.vpc.aws_vpc.this",
            "module.vpc.aws_vpc_ipv4_cidr_block_association.this"
          ]
        },
        {
          "index_key": 2,
          "schema_version": 1,
          "attributes": {
            "arn": "arn:aws:ec2:us-west-2:935576846002:subnet/subnet-0f482d9bda0afb196",
            "assign_ipv6_address_on_creation": false,
            "availability_zone": "us-west-2c",
            "availability_zone_id": "usw2-az3",
            "cidr_block": "10.0.6.0/24",
            "customer_owned_ipv4_pool": "",
            "id": "subnet-0f482d9bda0afb196",
            "ipv6_cidr_block": "",
            "ipv6_cidr_block_association_id": "",
            "map_customer_owned_ip_on_launch": false,
            "map_public_ip_on_launch": true,
            "outpost_arn": "",
            "owner_id": "935576846002",
            "tags": {
              "Name": "eks-cluster-vpc-public-us-west-2c",
              "kubernetes.io/cluster/my_eks_cluster": "shared",
              "kubernetes.io/role/elb": "1"
            },
            "tags_all": {
              "Name": "eks-cluster-vpc-public-us-west-2c",
              "kubernetes.io/cluster/my_eks_cluster": "shared",
              "kubernetes.io/role/elb": "1"
            },
            "timeouts": null,
            "vpc_id": "vpc-0780d2d2a4886ad38"
          },
          "sensitive_attributes": [],
          "private": "eyJlMmJmYjczMC1lY2FhLTExZTYtOGY4OC0zNDM2M2JjN2M0YzAiOnsiY3JlYXRlIjo2MDAwMDAwMDAwMDAsImRlbGV0ZSI6MTIwMDAwMDAwMDAwMH0sInNjaGVtYV92ZXJzaW9uIjoiMSJ9",
          "dependencies": [
            "data.aws_availability_zones.available",
            "module.vpc.aws_vpc.this",
            "module.vpc.aws_vpc_ipv4_cidr_block_association.this"
          ]
        }
      ]
    },
    {
      "module": "module.vpc",
      "mode": "managed",
      "type": "aws_vpc",
      "name": "this",
      "provider": "provider[\"registry.terraform.io/hashicorp/aws\"]",
      "instances": [
        {
          "index_key": 0,
          "schema_version": 1,
          "attributes": {
            "arn": "arn:aws:ec2:us-west-2:935576846002:vpc/vpc-0780d2d2a4886ad38",
            "assign_generated_ipv6_cidr_block": false,
            "cidr_block": "10.0.0.0/16",
            "default_network_acl_id": "acl-07e375859e4f81e24",
            "default_route_table_id": "rtb-00eb337aa8f6c13bf",
            "default_security_group_id": "sg-079aada8c7f20c7a2",
            "dhcp_options_id": "dopt-8884adf0",
            "enable_classiclink": false,
            "enable_classiclink_dns_support": false,
            "enable_dns_hostnames": true,
            "enable_dns_support": true,
            "id": "vpc-0780d2d2a4886ad38",
            "instance_tenancy": "default",
            "ipv6_association_id": "",
            "ipv6_cidr_block": "",
            "main_route_table_id": "rtb-00eb337aa8f6c13bf",
            "owner_id": "935576846002",
            "tags": {
              "Name": "eks-cluster-vpc",
              "kubernetes.io/cluster/my_eks_cluster": "shared"
            },
            "tags_all": {
              "Name": "eks-cluster-vpc",
              "kubernetes.io/cluster/my_eks_cluster": "shared"
            }
          },
          "sensitive_attributes": [],
          "private": "eyJzY2hlbWFfdmVyc2lvbiI6IjEifQ==",
          "create_before_destroy": true
        }
      ]
    }
  ]
}
